PODS:
  - Bolts (1.8.4):
    - Bolts/AppLinks (= 1.8.4)
    - Bolts/Tasks (= 1.8.4)
  - Bolts/AppLinks (1.8.4):
    - Bolts/Tasks
  - Bolts/Tasks (1.8.4)
  - Crashlytics (3.9.3):
    - Fabric (~> 1.7.2)
  - Fabric (1.7.2)
  - FacebookCore (0.3.0):
    - Bolts (~> 1.8)
    - FBSDKCoreKit (~> 4.27)
  - FacebookLogin (0.3.0):
    - Bolts (~> 1.8)
    - FacebookCore (~> 0.3)
    - FBSDKCoreKit (~> 4.27)
    - FBSDKLoginKit (~> 4.27)
  - FBSDKCoreKit (4.29.0):
    - Bolts (~> 1.7)
  - FBSDKLoginKit (4.29.0):
    - FBSDKCoreKit
  - Kingfisher (4.5.0)
  - Mapbox-iOS-SDK (3.7.1)
  - R.swift (4.0.0):
    - R.swift.Library (~> 4.0.0)
  - R.swift.Library (4.0.0)

DEPENDENCIES:
  - Crashlytics
  - Fabric
  - FacebookLogin
  - Kingfisher (~> 4.0)
  - Mapbox-iOS-SDK (~> 3.7)
  - R.swift

SPEC CHECKSUMS:
  Bolts: 8a7995239dbe724f9cba2248b766d48b7ebdd322
  Crashlytics: dbb07d01876c171c5ccbdf7826410380189e452c
  Fabric: 9cd6a848efcf1b8b07497e0b6a2e7d336353ba15
  FacebookCore: 3ffa190a3f1f96cec0e44d3fc221bc322c595ffa
  FacebookLogin: 0af839ea858faef99550d16596b87b4a8e8906e6
  FBSDKCoreKit: 6f139173dc63a1deaff4430a55f2fe5bb222d2af
  FBSDKLoginKit: 56a057ca6822535ea0faa25f57a7c41edb697fd4
  Kingfisher: 26ae0473102b77b575da51960c932431e3745407
  Mapbox-iOS-SDK: 34c96bec48a1122ead238e7e886cd9d613e6280c
  R.swift: d6a5ec2f55a8441dc0ed9f1f8b37d7d11ae85c66
  R.swift.Library: c3af34921024333546e23b70e70d0b4e0cffca75

PODFILE CHECKSUM: eeb553395118fac8050f786f11fb93b76334561c

COCOAPODS: 1.2.1
