// !$*UTF8*$!
{
	archiveVersion = 1;
	classes = {
	};
	objectVersion = 48;
	objects = {

/* Begin PBXBuildFile section */
		01DFC48841EE22EB9566A75A /* Pods_Soundprints.framework in Frameworks */ = {isa = PBXBuildFile; fileRef = 108272D2F2087D27A72BB0B7 /* Pods_Soundprints.framework */; };
		15911F457A4ADFBD1F234989 /* Pods_Soundprints.framework in Frameworks */ = {isa = PBXBuildFile; fileRef = 108272D2F2087D27A72BB0B7 /* Pods_Soundprints.framework */; };
		69A9564114ABE4B10A45589C /* Pods_Soundprints_Dev.framework in Frameworks */ = {isa = PBXBuildFile; fileRef = 8DB5F3FBB7D98F2483D8D6A7 /* Pods_Soundprints_Dev.framework */; };
		CC0997501FE3D85500E06279 /* ProgressBarView.swift in Sources */ = {isa = PBXBuildFile; fileRef = CC09974E1FE3D85500E06279 /* ProgressBarView.swift */; };
		CC0997511FE3D85500E06279 /* ProgressBarView.xib in Resources */ = {isa = PBXBuildFile; fileRef = CC09974F1FE3D85500E06279 /* ProgressBarView.xib */; };
		CC0997551FE3E4F200E06279 /* ValueAnimator.swift in Sources */ = {isa = PBXBuildFile; fileRef = CC0997541FE3E4F200E06279 /* ValueAnimator.swift */; };
		CC0997571FE3E50100E06279 /* CustomView.swift in Sources */ = {isa = PBXBuildFile; fileRef = CC0997561FE3E50100E06279 /* CustomView.swift */; };
		CCAC28801FE00C9D00BF7560 /* MultipartFormDataHandler.swift in Sources */ = {isa = PBXBuildFile; fileRef = CCAC287F1FE00C9C00BF7560 /* MultipartFormDataHandler.swift */; };
		E21014811FD7FB7C005AAE9F /* SoundsListViewController.swift in Sources */ = {isa = PBXBuildFile; fileRef = E21014801FD7FB7C005AAE9F /* SoundsListViewController.swift */; };
		E21014831FD7FB87005AAE9F /* SoundsList.storyboard in Resources */ = {isa = PBXBuildFile; fileRef = E21014821FD7FB87005AAE9F /* SoundsList.storyboard */; };
		E21014861FD80F02005AAE9F /* SoundsListCell.swift in Sources */ = {isa = PBXBuildFile; fileRef = E21014851FD80F02005AAE9F /* SoundsListCell.swift */; };
		E21014891FD81405005AAE9F /* SingleTimeValue.swift in Sources */ = {isa = PBXBuildFile; fileRef = E21014881FD81405005AAE9F /* SingleTimeValue.swift */; };
		E210148B1FD8161C005AAE9F /* TimeValue.swift in Sources */ = {isa = PBXBuildFile; fileRef = E210148A1FD8161C005AAE9F /* TimeValue.swift */; };
		E2157B861FDEAA16004E702A /* FolderManager.swift in Sources */ = {isa = PBXBuildFile; fileRef = E2157B851FDEAA16004E702A /* FolderManager.swift */; };
		E2157B881FDEAA1F004E702A /* RecorderAndPlayer.swift in Sources */ = {isa = PBXBuildFile; fileRef = E2157B871FDEAA1F004E702A /* RecorderAndPlayer.swift */; };
		E2157B8B1FDEABA2004E702A /* ListenView.swift in Sources */ = {isa = PBXBuildFile; fileRef = E2157B8A1FDEABA2004E702A /* ListenView.swift */; };
		E25AF4DE1FDA9C5000D7BEA2 /* FilterManager.swift in Sources */ = {isa = PBXBuildFile; fileRef = E25AF4DD1FDA9C5000D7BEA2 /* FilterManager.swift */; };
		E268692D1FEAAA76007B4650 /* SoundsTimeBasedModel.swift in Sources */ = {isa = PBXBuildFile; fileRef = E268692C1FEAAA76007B4650 /* SoundsTimeBasedModel.swift */; };
		E268692E1FEAB332007B4650 /* SoundsTimeBasedModel.swift in Sources */ = {isa = PBXBuildFile; fileRef = E268692C1FEAAA76007B4650 /* SoundsTimeBasedModel.swift */; };
		E269127E1FE7B8FD001AC806 /* MainMapViewController.swift in Sources */ = {isa = PBXBuildFile; fileRef = E2F1DDAD1FCEB5A2000CC2F1 /* MainMapViewController.swift */; };
		E269127F1FE7B8FD001AC806 /* KaminoUIView.swift in Sources */ = {isa = PBXBuildFile; fileRef = E2D61EF41FD84F4F00A6AA85 /* KaminoUIView.swift */; };
		E26912801FE7B8FD001AC806 /* ContentControllerView.swift in Sources */ = {isa = PBXBuildFile; fileRef = E2E5510D1FD570E000BAE27E /* ContentControllerView.swift */; };
		E26912811FE7B8FD001AC806 /* SoundsLocationBasedModel.swift in Sources */ = {isa = PBXBuildFile; fileRef = E2D9D0201FE147A9005CE19D /* SoundsLocationBasedModel.swift */; };
		E26912821FE7B8FD001AC806 /* ProximityRingsView.swift in Sources */ = {isa = PBXBuildFile; fileRef = E2E551221FD6DB0100BAE27E /* ProximityRingsView.swift */; };
		E26912831FE7B8FD001AC806 /* InitialViewController.swift in Sources */ = {isa = PBXBuildFile; fileRef = E2F1DDA91FCEA3DA000CC2F1 /* InitialViewController.swift */; };
		E26912841FE7B8FD001AC806 /* SingleTimeValue.swift in Sources */ = {isa = PBXBuildFile; fileRef = E21014881FD81405005AAE9F /* SingleTimeValue.swift */; };
		E26912851FE7B8FD001AC806 /* CustomView.swift in Sources */ = {isa = PBXBuildFile; fileRef = CC0997561FE3E50100E06279 /* CustomView.swift */; };
		E26912871FE7B8FD001AC806 /* CoreTextArcView.m in Sources */ = {isa = PBXBuildFile; fileRef = E2E5511E1FD6D8C900BAE27E /* CoreTextArcView.m */; };
		E26912881FE7B8FD001AC806 /* SoundAnnotationView.swift in Sources */ = {isa = PBXBuildFile; fileRef = E2E551161FD6B85700BAE27E /* SoundAnnotationView.swift */; };
		E26912891FE7B8FD001AC806 /* BorderSwitch.swift in Sources */ = {isa = PBXBuildFile; fileRef = E2AA86CB1FDA936600C1C262 /* BorderSwitch.swift */; };
		E269128A1FE7B8FD001AC806 /* FolderManager.swift in Sources */ = {isa = PBXBuildFile; fileRef = E2157B851FDEAA16004E702A /* FolderManager.swift */; };
		E269128B1FE7B8FD001AC806 /* ProviderLoginViewController.swift in Sources */ = {isa = PBXBuildFile; fileRef = E2E5510F1FD5746900BAE27E /* ProviderLoginViewController.swift */; };
		E269128C1FE7B8FD001AC806 /* Sound.swift in Sources */ = {isa = PBXBuildFile; fileRef = E2EBF5951FCFFBAF00AAFBC1 /* Sound.swift */; };
		E269128D1FE7B8FD001AC806 /* FacebookLoginViewController.swift in Sources */ = {isa = PBXBuildFile; fileRef = E2E5510A1FD56FC500BAE27E /* FacebookLoginViewController.swift */; };
		E269128E1FE7B8FD001AC806 /* AppDelegate.swift in Sources */ = {isa = PBXBuildFile; fileRef = E2F1DD9B1FCEA367000CC2F1 /* AppDelegate.swift */; };
		E269128F1FE7B8FD001AC806 /* APIManager.swift in Sources */ = {isa = PBXBuildFile; fileRef = E2EBF5871FCEF35500AAFBC1 /* APIManager.swift */; };
		E26912901FE7B8FD001AC806 /* ListenView.swift in Sources */ = {isa = PBXBuildFile; fileRef = E2157B8A1FDEABA2004E702A /* ListenView.swift */; };
		E26912911FE7B8FD001AC806 /* ValueAnimator.swift in Sources */ = {isa = PBXBuildFile; fileRef = CC0997541FE3E4F200E06279 /* ValueAnimator.swift */; };
		E26912921FE7B8FD001AC806 /* BaseViewController.swift in Sources */ = {isa = PBXBuildFile; fileRef = E2F1DDA71FCEA3BF000CC2F1 /* BaseViewController.swift */; };
		E26912931FE7B8FD001AC806 /* APIRequest.swift in Sources */ = {isa = PBXBuildFile; fileRef = E2EBF5891FCEF3BC00AAFBC1 /* APIRequest.swift */; };
		E26912941FE7B8FD001AC806 /* SoundsListCell.swift in Sources */ = {isa = PBXBuildFile; fileRef = E21014851FD80F02005AAE9F /* SoundsListCell.swift */; };
		E26912951FE7B8FD001AC806 /* APIResponse.swift in Sources */ = {isa = PBXBuildFile; fileRef = E2EBF58B1FCEF3BD00AAFBC1 /* APIResponse.swift */; };
		E26912961FE7B8FD001AC806 /* TimeValue.swift in Sources */ = {isa = PBXBuildFile; fileRef = E210148A1FD8161C005AAE9F /* TimeValue.swift */; };
		E26912971FE7B8FD001AC806 /* SoundAnnotation.swift in Sources */ = {isa = PBXBuildFile; fileRef = E2E551181FD6B88E00BAE27E /* SoundAnnotation.swift */; };
		E26912981FE7B8FD001AC806 /* SingleDistanceValue.swift in Sources */ = {isa = PBXBuildFile; fileRef = E2D61EEC1FD8234500A6AA85 /* SingleDistanceValue.swift */; };
		E26912991FE7B8FD001AC806 /* R.generated.swift in Sources */ = {isa = PBXBuildFile; fileRef = E2B344361FCEBA8F001FC5FD /* R.generated.swift */; };
		E269129A1FE7B8FD001AC806 /* SoundsListViewController.swift in Sources */ = {isa = PBXBuildFile; fileRef = E21014801FD7FB7C005AAE9F /* SoundsListViewController.swift */; };
		E269129B1FE7B8FD001AC806 /* APIResponseTools.swift in Sources */ = {isa = PBXBuildFile; fileRef = E2EBF58C1FCEF3BD00AAFBC1 /* APIResponseTools.swift */; };
		E269129C1FE7B8FD001AC806 /* KaminoUIView+HiddenAnimations.swift in Sources */ = {isa = PBXBuildFile; fileRef = E2D61EF21FD84F0D00A6AA85 /* KaminoUIView+HiddenAnimations.swift */; };
		E269129D1FE7B8FD001AC806 /* MultipartFormDataHandler.swift in Sources */ = {isa = PBXBuildFile; fileRef = CCAC287F1FE00C9C00BF7560 /* MultipartFormDataHandler.swift */; };
		E269129E1FE7B8FD001AC806 /* ProgressBarView.swift in Sources */ = {isa = PBXBuildFile; fileRef = CC09974E1FE3D85500E06279 /* ProgressBarView.swift */; };
		E269129F1FE7B8FD001AC806 /* InteractionLockingContentControllerView.swift in Sources */ = {isa = PBXBuildFile; fileRef = E2D61EEE1FD843B400A6AA85 /* InteractionLockingContentControllerView.swift */; };
		E26912A01FE7B8FD001AC806 /* RecorderAndPlayer.swift in Sources */ = {isa = PBXBuildFile; fileRef = E2157B871FDEAA1F004E702A /* RecorderAndPlayer.swift */; };
		E26912A11FE7B8FD001AC806 /* UserAnnotationView.swift in Sources */ = {isa = PBXBuildFile; fileRef = E2E551141FD6B82E00BAE27E /* UserAnnotationView.swift */; };
		E26912A21FE7B8FD001AC806 /* FilterViewController.swift in Sources */ = {isa = PBXBuildFile; fileRef = E2AA86C81FDA868200C1C262 /* FilterViewController.swift */; };
		E26912A31FE7B8FD001AC806 /* AuthenticationManager.swift in Sources */ = {isa = PBXBuildFile; fileRef = E2E551081FD56A2E00BAE27E /* AuthenticationManager.swift */; };
		E26912A41FE7B8FD001AC806 /* Globals.swift in Sources */ = {isa = PBXBuildFile; fileRef = E2EBF5921FCEF40E00AAFBC1 /* Globals.swift */; };
		E26912A51FE7B8FD001AC806 /* APIJSONTools.swift in Sources */ = {isa = PBXBuildFile; fileRef = E2EBF5981FCFFC5300AAFBC1 /* APIJSONTools.swift */; };
		E26912A61FE7B8FD001AC806 /* FilterManager.swift in Sources */ = {isa = PBXBuildFile; fileRef = E25AF4DD1FDA9C5000D7BEA2 /* FilterManager.swift */; };
		E26912A71FE7B8FD001AC806 /* LoginViewController.swift in Sources */ = {isa = PBXBuildFile; fileRef = E2E551031FD54AC800BAE27E /* LoginViewController.swift */; };
		E26912A81FE7B8FD001AC806 /* APIError.swift in Sources */ = {isa = PBXBuildFile; fileRef = E2EBF58A1FCEF3BD00AAFBC1 /* APIError.swift */; };
		E26912AC1FE7B8FD001AC806 /* MainMap.storyboard in Resources */ = {isa = PBXBuildFile; fileRef = E2F1DDAF1FCEB5B5000CC2F1 /* MainMap.storyboard */; };
		E26912AD1FE7B8FD001AC806 /* ProgressBarView.xib in Resources */ = {isa = PBXBuildFile; fileRef = CC09974F1FE3D85500E06279 /* ProgressBarView.xib */; };
		E26912AE1FE7B8FD001AC806 /* Main.storyboard in Resources */ = {isa = PBXBuildFile; fileRef = E2F1DDA01FCEA367000CC2F1 /* Main.storyboard */; };
		E26912AF1FE7B8FD001AC806 /* Assets.xcassets in Resources */ = {isa = PBXBuildFile; fileRef = E2F1DD971FCEA367000CC2F1 /* Assets.xcassets */; };
		E26912B01FE7B8FD001AC806 /* Login.storyboard in Resources */ = {isa = PBXBuildFile; fileRef = E2E551051FD54ADF00BAE27E /* Login.storyboard */; };
		E26912B11FE7B8FD001AC806 /* SoundsList.storyboard in Resources */ = {isa = PBXBuildFile; fileRef = E21014821FD7FB87005AAE9F /* SoundsList.storyboard */; };
		E26912B21FE7B8FD001AC806 /* Filter.storyboard in Resources */ = {isa = PBXBuildFile; fileRef = E2AA86C61FDA863B00C1C262 /* Filter.storyboard */; };
		E26912B31FE7B8FD001AC806 /* LaunchScreen.storyboard in Resources */ = {isa = PBXBuildFile; fileRef = E2F1DD9F1FCEA367000CC2F1 /* LaunchScreen.storyboard */; };
		E26913001FE80E31001AC806 /* Alert.swift in Sources */ = {isa = PBXBuildFile; fileRef = E26912FF1FE80E31001AC806 /* Alert.swift */; };
		E26913011FE80F83001AC806 /* Alert.swift in Sources */ = {isa = PBXBuildFile; fileRef = E26912FF1FE80E31001AC806 /* Alert.swift */; };
		E2A5CA961FE9518400F603AB /* ColorPalette.swift in Sources */ = {isa = PBXBuildFile; fileRef = E2A5CA951FE9518400F603AB /* ColorPalette.swift */; };
		E2A5CA971FE951FA00F603AB /* ColorPalette.swift in Sources */ = {isa = PBXBuildFile; fileRef = E2A5CA951FE9518400F603AB /* ColorPalette.swift */; };
		E2AA86C71FDA863B00C1C262 /* Filter.storyboard in Resources */ = {isa = PBXBuildFile; fileRef = E2AA86C61FDA863B00C1C262 /* Filter.storyboard */; };
		E2AA86C91FDA868200C1C262 /* FilterViewController.swift in Sources */ = {isa = PBXBuildFile; fileRef = E2AA86C81FDA868200C1C262 /* FilterViewController.swift */; };
		E2AA86CC1FDA936600C1C262 /* BorderSwitch.swift in Sources */ = {isa = PBXBuildFile; fileRef = E2AA86CB1FDA936600C1C262 /* BorderSwitch.swift */; };
		E2B344371FCEBA8F001FC5FD /* R.generated.swift in Sources */ = {isa = PBXBuildFile; fileRef = E2B344361FCEBA8F001FC5FD /* R.generated.swift */; };
		E2D61EED1FD8234500A6AA85 /* SingleDistanceValue.swift in Sources */ = {isa = PBXBuildFile; fileRef = E2D61EEC1FD8234500A6AA85 /* SingleDistanceValue.swift */; };
		E2D61EEF1FD843B400A6AA85 /* InteractionLockingContentControllerView.swift in Sources */ = {isa = PBXBuildFile; fileRef = E2D61EEE1FD843B400A6AA85 /* InteractionLockingContentControllerView.swift */; };
		E2D61EF31FD84F0D00A6AA85 /* KaminoUIView+HiddenAnimations.swift in Sources */ = {isa = PBXBuildFile; fileRef = E2D61EF21FD84F0D00A6AA85 /* KaminoUIView+HiddenAnimations.swift */; };
		E2D61EF51FD84F4F00A6AA85 /* KaminoUIView.swift in Sources */ = {isa = PBXBuildFile; fileRef = E2D61EF41FD84F4F00A6AA85 /* KaminoUIView.swift */; };
		E2D9D0211FE147A9005CE19D /* SoundsLocationBasedModel.swift in Sources */ = {isa = PBXBuildFile; fileRef = E2D9D0201FE147A9005CE19D /* SoundsLocationBasedModel.swift */; };
		E2E551041FD54AC800BAE27E /* LoginViewController.swift in Sources */ = {isa = PBXBuildFile; fileRef = E2E551031FD54AC800BAE27E /* LoginViewController.swift */; };
		E2E551061FD54ADF00BAE27E /* Login.storyboard in Resources */ = {isa = PBXBuildFile; fileRef = E2E551051FD54ADF00BAE27E /* Login.storyboard */; };
		E2E551091FD56A2E00BAE27E /* AuthenticationManager.swift in Sources */ = {isa = PBXBuildFile; fileRef = E2E551081FD56A2E00BAE27E /* AuthenticationManager.swift */; };
		E2E5510B1FD56FC500BAE27E /* FacebookLoginViewController.swift in Sources */ = {isa = PBXBuildFile; fileRef = E2E5510A1FD56FC500BAE27E /* FacebookLoginViewController.swift */; };
		E2E5510E1FD570E000BAE27E /* ContentControllerView.swift in Sources */ = {isa = PBXBuildFile; fileRef = E2E5510D1FD570E000BAE27E /* ContentControllerView.swift */; };
		E2E551101FD5746900BAE27E /* ProviderLoginViewController.swift in Sources */ = {isa = PBXBuildFile; fileRef = E2E5510F1FD5746900BAE27E /* ProviderLoginViewController.swift */; };
		E2E551151FD6B82E00BAE27E /* UserAnnotationView.swift in Sources */ = {isa = PBXBuildFile; fileRef = E2E551141FD6B82E00BAE27E /* UserAnnotationView.swift */; };
		E2E551171FD6B85700BAE27E /* SoundAnnotationView.swift in Sources */ = {isa = PBXBuildFile; fileRef = E2E551161FD6B85700BAE27E /* SoundAnnotationView.swift */; };
		E2E551191FD6B88E00BAE27E /* SoundAnnotation.swift in Sources */ = {isa = PBXBuildFile; fileRef = E2E551181FD6B88E00BAE27E /* SoundAnnotation.swift */; };
		E2E5511F1FD6D8C900BAE27E /* CoreTextArcView.m in Sources */ = {isa = PBXBuildFile; fileRef = E2E5511E1FD6D8C900BAE27E /* CoreTextArcView.m */; };
		E2E551231FD6DB0100BAE27E /* ProximityRingsView.swift in Sources */ = {isa = PBXBuildFile; fileRef = E2E551221FD6DB0100BAE27E /* ProximityRingsView.swift */; };
		E2EBF5881FCEF35500AAFBC1 /* APIManager.swift in Sources */ = {isa = PBXBuildFile; fileRef = E2EBF5871FCEF35500AAFBC1 /* APIManager.swift */; };
		E2EBF58D1FCEF3BD00AAFBC1 /* APIRequest.swift in Sources */ = {isa = PBXBuildFile; fileRef = E2EBF5891FCEF3BC00AAFBC1 /* APIRequest.swift */; };
		E2EBF58E1FCEF3BD00AAFBC1 /* APIError.swift in Sources */ = {isa = PBXBuildFile; fileRef = E2EBF58A1FCEF3BD00AAFBC1 /* APIError.swift */; };
		E2EBF58F1FCEF3BD00AAFBC1 /* APIResponse.swift in Sources */ = {isa = PBXBuildFile; fileRef = E2EBF58B1FCEF3BD00AAFBC1 /* APIResponse.swift */; };
		E2EBF5901FCEF3BD00AAFBC1 /* APIResponseTools.swift in Sources */ = {isa = PBXBuildFile; fileRef = E2EBF58C1FCEF3BD00AAFBC1 /* APIResponseTools.swift */; };
		E2EBF5931FCEF40E00AAFBC1 /* Globals.swift in Sources */ = {isa = PBXBuildFile; fileRef = E2EBF5921FCEF40E00AAFBC1 /* Globals.swift */; };
		E2EBF5961FCFFBAF00AAFBC1 /* Sound.swift in Sources */ = {isa = PBXBuildFile; fileRef = E2EBF5951FCFFBAF00AAFBC1 /* Sound.swift */; };
		E2EBF5991FCFFC5300AAFBC1 /* APIJSONTools.swift in Sources */ = {isa = PBXBuildFile; fileRef = E2EBF5981FCFFC5300AAFBC1 /* APIJSONTools.swift */; };
		E2F1DDA21FCEA367000CC2F1 /* Assets.xcassets in Resources */ = {isa = PBXBuildFile; fileRef = E2F1DD971FCEA367000CC2F1 /* Assets.xcassets */; };
		E2F1DDA31FCEA367000CC2F1 /* AppDelegate.swift in Sources */ = {isa = PBXBuildFile; fileRef = E2F1DD9B1FCEA367000CC2F1 /* AppDelegate.swift */; };
		E2F1DDA41FCEA367000CC2F1 /* LaunchScreen.storyboard in Resources */ = {isa = PBXBuildFile; fileRef = E2F1DD9F1FCEA367000CC2F1 /* LaunchScreen.storyboard */; };
		E2F1DDA51FCEA367000CC2F1 /* Main.storyboard in Resources */ = {isa = PBXBuildFile; fileRef = E2F1DDA01FCEA367000CC2F1 /* Main.storyboard */; };
		E2F1DDA81FCEA3BF000CC2F1 /* BaseViewController.swift in Sources */ = {isa = PBXBuildFile; fileRef = E2F1DDA71FCEA3BF000CC2F1 /* BaseViewController.swift */; };
		E2F1DDAA1FCEA3DA000CC2F1 /* InitialViewController.swift in Sources */ = {isa = PBXBuildFile; fileRef = E2F1DDA91FCEA3DA000CC2F1 /* InitialViewController.swift */; };
		E2F1DDAE1FCEB5A2000CC2F1 /* MainMapViewController.swift in Sources */ = {isa = PBXBuildFile; fileRef = E2F1DDAD1FCEB5A2000CC2F1 /* MainMapViewController.swift */; };
		E2F1DDB01FCEB5B5000CC2F1 /* MainMap.storyboard in Resources */ = {isa = PBXBuildFile; fileRef = E2F1DDAF1FCEB5B5000CC2F1 /* MainMap.storyboard */; };
/* End PBXBuildFile section */

/* Begin PBXFileReference section */
		0DF6C076C1EE9D61F64DA4ED /* Pods-Soundprints.debug.xcconfig */ = {isa = PBXFileReference; includeInIndex = 1; lastKnownFileType = text.xcconfig; name = "Pods-Soundprints.debug.xcconfig"; path = "Pods/Target Support Files/Pods-Soundprints/Pods-Soundprints.debug.xcconfig"; sourceTree = "<group>"; };
		108272D2F2087D27A72BB0B7 /* Pods_Soundprints.framework */ = {isa = PBXFileReference; explicitFileType = wrapper.framework; includeInIndex = 0; path = Pods_Soundprints.framework; sourceTree = BUILT_PRODUCTS_DIR; };
		85A8C7CCD97C1028E00D53F4 /* Pods-Soundprints.release.xcconfig */ = {isa = PBXFileReference; includeInIndex = 1; lastKnownFileType = text.xcconfig; name = "Pods-Soundprints.release.xcconfig"; path = "Pods/Target Support Files/Pods-Soundprints/Pods-Soundprints.release.xcconfig"; sourceTree = "<group>"; };
		8DB5F3FBB7D98F2483D8D6A7 /* Pods_Soundprints_Dev.framework */ = {isa = PBXFileReference; explicitFileType = wrapper.framework; includeInIndex = 0; path = Pods_Soundprints_Dev.framework; sourceTree = BUILT_PRODUCTS_DIR; };
		9A6100B1A5197B1A6D75D046 /* Pods-Soundprints-Dev.release.xcconfig */ = {isa = PBXFileReference; includeInIndex = 1; lastKnownFileType = text.xcconfig; name = "Pods-Soundprints-Dev.release.xcconfig"; path = "Pods/Target Support Files/Pods-Soundprints-Dev/Pods-Soundprints-Dev.release.xcconfig"; sourceTree = "<group>"; };
		BA3740000DB6E0F39DD0AE29 /* Pods-Soundprints-Dev.debug.xcconfig */ = {isa = PBXFileReference; includeInIndex = 1; lastKnownFileType = text.xcconfig; name = "Pods-Soundprints-Dev.debug.xcconfig"; path = "Pods/Target Support Files/Pods-Soundprints-Dev/Pods-Soundprints-Dev.debug.xcconfig"; sourceTree = "<group>"; };
		CC09974E1FE3D85500E06279 /* ProgressBarView.swift */ = {isa = PBXFileReference; fileEncoding = 4; lastKnownFileType = sourcecode.swift; path = ProgressBarView.swift; sourceTree = "<group>"; };
		CC09974F1FE3D85500E06279 /* ProgressBarView.xib */ = {isa = PBXFileReference; fileEncoding = 4; lastKnownFileType = file.xib; path = ProgressBarView.xib; sourceTree = "<group>"; };
		CC0997541FE3E4F200E06279 /* ValueAnimator.swift */ = {isa = PBXFileReference; fileEncoding = 4; lastKnownFileType = sourcecode.swift; path = ValueAnimator.swift; sourceTree = "<group>"; };
		CC0997561FE3E50100E06279 /* CustomView.swift */ = {isa = PBXFileReference; fileEncoding = 4; lastKnownFileType = sourcecode.swift; path = CustomView.swift; sourceTree = "<group>"; };
		CCAC287F1FE00C9C00BF7560 /* MultipartFormDataHandler.swift */ = {isa = PBXFileReference; fileEncoding = 4; lastKnownFileType = sourcecode.swift; path = MultipartFormDataHandler.swift; sourceTree = "<group>"; };
		E210147E1FD7F2AE005AAE9F /* Soundprints-Bridging-Header.h */ = {isa = PBXFileReference; fileEncoding = 4; lastKnownFileType = sourcecode.c.h; path = "Soundprints-Bridging-Header.h"; sourceTree = "<group>"; };
		E21014801FD7FB7C005AAE9F /* SoundsListViewController.swift */ = {isa = PBXFileReference; lastKnownFileType = sourcecode.swift; path = SoundsListViewController.swift; sourceTree = "<group>"; };
		E21014821FD7FB87005AAE9F /* SoundsList.storyboard */ = {isa = PBXFileReference; lastKnownFileType = file.storyboard; path = SoundsList.storyboard; sourceTree = "<group>"; };
		E21014851FD80F02005AAE9F /* SoundsListCell.swift */ = {isa = PBXFileReference; lastKnownFileType = sourcecode.swift; path = SoundsListCell.swift; sourceTree = "<group>"; };
		E21014881FD81405005AAE9F /* SingleTimeValue.swift */ = {isa = PBXFileReference; lastKnownFileType = sourcecode.swift; path = SingleTimeValue.swift; sourceTree = "<group>"; };
		E210148A1FD8161C005AAE9F /* TimeValue.swift */ = {isa = PBXFileReference; lastKnownFileType = sourcecode.swift; path = TimeValue.swift; sourceTree = "<group>"; };
		E2157B851FDEAA16004E702A /* FolderManager.swift */ = {isa = PBXFileReference; fileEncoding = 4; lastKnownFileType = sourcecode.swift; path = FolderManager.swift; sourceTree = "<group>"; };
		E2157B871FDEAA1F004E702A /* RecorderAndPlayer.swift */ = {isa = PBXFileReference; fileEncoding = 4; lastKnownFileType = sourcecode.swift; path = RecorderAndPlayer.swift; sourceTree = "<group>"; };
		E2157B8A1FDEABA2004E702A /* ListenView.swift */ = {isa = PBXFileReference; lastKnownFileType = sourcecode.swift; path = ListenView.swift; sourceTree = "<group>"; };
		E25AF4DD1FDA9C5000D7BEA2 /* FilterManager.swift */ = {isa = PBXFileReference; lastKnownFileType = sourcecode.swift; path = FilterManager.swift; sourceTree = "<group>"; };
		E268692C1FEAAA76007B4650 /* SoundsTimeBasedModel.swift */ = {isa = PBXFileReference; lastKnownFileType = sourcecode.swift; path = SoundsTimeBasedModel.swift; sourceTree = "<group>"; };
		E26912BA1FE7B8FD001AC806 /* Soundprints-Dev.app */ = {isa = PBXFileReference; explicitFileType = wrapper.application; includeInIndex = 0; path = "Soundprints-Dev.app"; sourceTree = BUILT_PRODUCTS_DIR; };
		E26912BB1FE7B8FE001AC806 /* Soundprints copy-Info.plist */ = {isa = PBXFileReference; lastKnownFileType = text.plist.xml; name = "Soundprints copy-Info.plist"; path = "/Users/svitzebec/Projects/Soundprints/Soundprints-iOS/Soundprints/Soundprints copy-Info.plist"; sourceTree = "<absolute>"; };
		E26912FD1FE7C0BA001AC806 /* Soundprints-Dev copy-Info.plist */ = {isa = PBXFileReference; lastKnownFileType = text.plist.xml; name = "Soundprints-Dev copy-Info.plist"; path = "/Users/svitzebec/Projects/Soundprints/Soundprints-iOS/Soundprints/Soundprints-Dev copy-Info.plist"; sourceTree = "<absolute>"; };
		E26912FF1FE80E31001AC806 /* Alert.swift */ = {isa = PBXFileReference; lastKnownFileType = sourcecode.swift; path = Alert.swift; sourceTree = "<group>"; };
		E2A5CA951FE9518400F603AB /* ColorPalette.swift */ = {isa = PBXFileReference; lastKnownFileType = sourcecode.swift; path = ColorPalette.swift; sourceTree = "<group>"; };
		E2AA86C61FDA863B00C1C262 /* Filter.storyboard */ = {isa = PBXFileReference; lastKnownFileType = file.storyboard; path = Filter.storyboard; sourceTree = "<group>"; };
		E2AA86C81FDA868200C1C262 /* FilterViewController.swift */ = {isa = PBXFileReference; lastKnownFileType = sourcecode.swift; path = FilterViewController.swift; sourceTree = "<group>"; };
		E2AA86CB1FDA936600C1C262 /* BorderSwitch.swift */ = {isa = PBXFileReference; lastKnownFileType = sourcecode.swift; path = BorderSwitch.swift; sourceTree = "<group>"; };
		E2B344361FCEBA8F001FC5FD /* R.generated.swift */ = {isa = PBXFileReference; fileEncoding = 4; lastKnownFileType = sourcecode.swift; path = R.generated.swift; sourceTree = "<group>"; };
		E2D61EEC1FD8234500A6AA85 /* SingleDistanceValue.swift */ = {isa = PBXFileReference; lastKnownFileType = sourcecode.swift; path = SingleDistanceValue.swift; sourceTree = "<group>"; };
		E2D61EEE1FD843B400A6AA85 /* InteractionLockingContentControllerView.swift */ = {isa = PBXFileReference; lastKnownFileType = sourcecode.swift; path = InteractionLockingContentControllerView.swift; sourceTree = "<group>"; };
		E2D61EF21FD84F0D00A6AA85 /* KaminoUIView+HiddenAnimations.swift */ = {isa = PBXFileReference; fileEncoding = 4; lastKnownFileType = sourcecode.swift; path = "KaminoUIView+HiddenAnimations.swift"; sourceTree = "<group>"; };
		E2D61EF41FD84F4F00A6AA85 /* KaminoUIView.swift */ = {isa = PBXFileReference; fileEncoding = 4; lastKnownFileType = sourcecode.swift; path = KaminoUIView.swift; sourceTree = "<group>"; };
		E2D9D0201FE147A9005CE19D /* SoundsLocationBasedModel.swift */ = {isa = PBXFileReference; lastKnownFileType = sourcecode.swift; path = SoundsLocationBasedModel.swift; sourceTree = "<group>"; };
		E2E551031FD54AC800BAE27E /* LoginViewController.swift */ = {isa = PBXFileReference; lastKnownFileType = sourcecode.swift; path = LoginViewController.swift; sourceTree = "<group>"; };
		E2E551051FD54ADF00BAE27E /* Login.storyboard */ = {isa = PBXFileReference; lastKnownFileType = file.storyboard; path = Login.storyboard; sourceTree = "<group>"; };
		E2E551081FD56A2E00BAE27E /* AuthenticationManager.swift */ = {isa = PBXFileReference; lastKnownFileType = sourcecode.swift; path = AuthenticationManager.swift; sourceTree = "<group>"; };
		E2E5510A1FD56FC500BAE27E /* FacebookLoginViewController.swift */ = {isa = PBXFileReference; lastKnownFileType = sourcecode.swift; path = FacebookLoginViewController.swift; sourceTree = "<group>"; };
		E2E5510D1FD570E000BAE27E /* ContentControllerView.swift */ = {isa = PBXFileReference; fileEncoding = 4; lastKnownFileType = sourcecode.swift; path = ContentControllerView.swift; sourceTree = "<group>"; };
		E2E5510F1FD5746900BAE27E /* ProviderLoginViewController.swift */ = {isa = PBXFileReference; lastKnownFileType = sourcecode.swift; path = ProviderLoginViewController.swift; sourceTree = "<group>"; };
		E2E551141FD6B82E00BAE27E /* UserAnnotationView.swift */ = {isa = PBXFileReference; lastKnownFileType = sourcecode.swift; path = UserAnnotationView.swift; sourceTree = "<group>"; };
		E2E551161FD6B85700BAE27E /* SoundAnnotationView.swift */ = {isa = PBXFileReference; lastKnownFileType = sourcecode.swift; path = SoundAnnotationView.swift; sourceTree = "<group>"; };
		E2E551181FD6B88E00BAE27E /* SoundAnnotation.swift */ = {isa = PBXFileReference; lastKnownFileType = sourcecode.swift; path = SoundAnnotation.swift; sourceTree = "<group>"; };
		E2E5511E1FD6D8C900BAE27E /* CoreTextArcView.m */ = {isa = PBXFileReference; lastKnownFileType = sourcecode.c.objc; path = CoreTextArcView.m; sourceTree = "<group>"; };
		E2E551201FD6D8E300BAE27E /* CoreTextArcView.h */ = {isa = PBXFileReference; lastKnownFileType = sourcecode.c.h; path = CoreTextArcView.h; sourceTree = "<group>"; };
		E2E551221FD6DB0100BAE27E /* ProximityRingsView.swift */ = {isa = PBXFileReference; lastKnownFileType = sourcecode.swift; path = ProximityRingsView.swift; sourceTree = "<group>"; };
		E2EBF5871FCEF35500AAFBC1 /* APIManager.swift */ = {isa = PBXFileReference; lastKnownFileType = sourcecode.swift; path = APIManager.swift; sourceTree = "<group>"; };
		E2EBF5891FCEF3BC00AAFBC1 /* APIRequest.swift */ = {isa = PBXFileReference; fileEncoding = 4; lastKnownFileType = sourcecode.swift; path = APIRequest.swift; sourceTree = "<group>"; };
		E2EBF58A1FCEF3BD00AAFBC1 /* APIError.swift */ = {isa = PBXFileReference; fileEncoding = 4; lastKnownFileType = sourcecode.swift; path = APIError.swift; sourceTree = "<group>"; };
		E2EBF58B1FCEF3BD00AAFBC1 /* APIResponse.swift */ = {isa = PBXFileReference; fileEncoding = 4; lastKnownFileType = sourcecode.swift; path = APIResponse.swift; sourceTree = "<group>"; };
		E2EBF58C1FCEF3BD00AAFBC1 /* APIResponseTools.swift */ = {isa = PBXFileReference; fileEncoding = 4; lastKnownFileType = sourcecode.swift; path = APIResponseTools.swift; sourceTree = "<group>"; };
		E2EBF5921FCEF40E00AAFBC1 /* Globals.swift */ = {isa = PBXFileReference; lastKnownFileType = sourcecode.swift; path = Globals.swift; sourceTree = "<group>"; };
		E2EBF5951FCFFBAF00AAFBC1 /* Sound.swift */ = {isa = PBXFileReference; lastKnownFileType = sourcecode.swift; path = Sound.swift; sourceTree = "<group>"; };
		E2EBF5981FCFFC5300AAFBC1 /* APIJSONTools.swift */ = {isa = PBXFileReference; lastKnownFileType = sourcecode.swift; path = APIJSONTools.swift; sourceTree = "<group>"; };
		E2F1DD801FCDEDE8000CC2F1 /* Soundprints.app */ = {isa = PBXFileReference; explicitFileType = wrapper.application; includeInIndex = 0; path = Soundprints.app; sourceTree = BUILT_PRODUCTS_DIR; };
		E2F1DD971FCEA367000CC2F1 /* Assets.xcassets */ = {isa = PBXFileReference; lastKnownFileType = folder.assetcatalog; path = Assets.xcassets; sourceTree = "<group>"; };
		E2F1DD9B1FCEA367000CC2F1 /* AppDelegate.swift */ = {isa = PBXFileReference; fileEncoding = 4; lastKnownFileType = sourcecode.swift; path = AppDelegate.swift; sourceTree = "<group>"; };
		E2F1DD9F1FCEA367000CC2F1 /* LaunchScreen.storyboard */ = {isa = PBXFileReference; fileEncoding = 4; lastKnownFileType = file.storyboard; path = LaunchScreen.storyboard; sourceTree = "<group>"; };
		E2F1DDA01FCEA367000CC2F1 /* Main.storyboard */ = {isa = PBXFileReference; fileEncoding = 4; lastKnownFileType = file.storyboard; path = Main.storyboard; sourceTree = "<group>"; };
		E2F1DDA11FCEA367000CC2F1 /* Info.plist */ = {isa = PBXFileReference; fileEncoding = 4; lastKnownFileType = text.plist.xml; path = Info.plist; sourceTree = "<group>"; };
		E2F1DDA71FCEA3BF000CC2F1 /* BaseViewController.swift */ = {isa = PBXFileReference; lastKnownFileType = sourcecode.swift; path = BaseViewController.swift; sourceTree = "<group>"; };
		E2F1DDA91FCEA3DA000CC2F1 /* InitialViewController.swift */ = {isa = PBXFileReference; lastKnownFileType = sourcecode.swift; path = InitialViewController.swift; sourceTree = "<group>"; };
		E2F1DDAD1FCEB5A2000CC2F1 /* MainMapViewController.swift */ = {isa = PBXFileReference; lastKnownFileType = sourcecode.swift; path = MainMapViewController.swift; sourceTree = "<group>"; };
		E2F1DDAF1FCEB5B5000CC2F1 /* MainMap.storyboard */ = {isa = PBXFileReference; lastKnownFileType = file.storyboard; path = MainMap.storyboard; sourceTree = "<group>"; };
/* End PBXFileReference section */

/* Begin PBXFrameworksBuildPhase section */
		E26912A91FE7B8FD001AC806 /* Frameworks */ = {
			isa = PBXFrameworksBuildPhase;
			buildActionMask = 2147483647;
			files = (
				69A9564114ABE4B10A45589C /* Pods_Soundprints_Dev.framework in Frameworks */,
			);
			runOnlyForDeploymentPostprocessing = 0;
		};
		E2F1DD7D1FCDEDE8000CC2F1 /* Frameworks */ = {
			isa = PBXFrameworksBuildPhase;
			buildActionMask = 2147483647;
			files = (
				15911F457A4ADFBD1F234989 /* Pods_Soundprints.framework in Frameworks */,
				01DFC48841EE22EB9566A75A /* Pods_Soundprints.framework in Frameworks */,
			);
			runOnlyForDeploymentPostprocessing = 0;
		};
/* End PBXFrameworksBuildPhase section */

/* Begin PBXGroup section */
		8034D3EFCE6C8D8F1C3A3332 /* Frameworks */ = {
			isa = PBXGroup;
			children = (
				108272D2F2087D27A72BB0B7 /* Pods_Soundprints.framework */,
				8DB5F3FBB7D98F2483D8D6A7 /* Pods_Soundprints_Dev.framework */,
			);
			name = Frameworks;
			sourceTree = "<group>";
		};
		CC09974D1FE3D85500E06279 /* Views */ = {
			isa = PBXGroup;
			children = (
				CC09974E1FE3D85500E06279 /* ProgressBarView.swift */,
				CC09974F1FE3D85500E06279 /* ProgressBarView.xib */,
			);
			path = Views;
			sourceTree = "<group>";
		};
		E210147F1FD7FB66005AAE9F /* Sounds List */ = {
			isa = PBXGroup;
			children = (
				E21014841FD80EEE005AAE9F /* Cells */,
				E21014801FD7FB7C005AAE9F /* SoundsListViewController.swift */,
				E21014821FD7FB87005AAE9F /* SoundsList.storyboard */,
			);
			path = "Sounds List";
			sourceTree = "<group>";
		};
		E21014841FD80EEE005AAE9F /* Cells */ = {
			isa = PBXGroup;
			children = (
				E21014851FD80F02005AAE9F /* SoundsListCell.swift */,
			);
			path = Cells;
			sourceTree = "<group>";
		};
		E21014871FD813FC005AAE9F /* Time Value */ = {
			isa = PBXGroup;
			children = (
				E21014881FD81405005AAE9F /* SingleTimeValue.swift */,
				E210148A1FD8161C005AAE9F /* TimeValue.swift */,
			);
			path = "Time Value";
			sourceTree = "<group>";
		};
		E2157B831FDEA9EC004E702A /* Recording */ = {
			isa = PBXGroup;
			children = (
				E2157B871FDEAA1F004E702A /* RecorderAndPlayer.swift */,
			);
			path = Recording;
			sourceTree = "<group>";
		};
		E2157B841FDEA9F5004E702A /* Folder Manager */ = {
			isa = PBXGroup;
			children = (
				E2157B851FDEAA16004E702A /* FolderManager.swift */,
			);
			path = "Folder Manager";
			sourceTree = "<group>";
		};
		E2157B891FDEAB97004E702A /* Listen View */ = {
			isa = PBXGroup;
			children = (
				E2157B8A1FDEABA2004E702A /* ListenView.swift */,
			);
			path = "Listen View";
			sourceTree = "<group>";
		};
		E25AF4DC1FDA9C4600D7BEA2 /* Filters */ = {
			isa = PBXGroup;
			children = (
				E25AF4DD1FDA9C5000D7BEA2 /* FilterManager.swift */,
			);
			path = Filters;
			sourceTree = "<group>";
		};
		E26912FE1FE80E25001AC806 /* Alert */ = {
			isa = PBXGroup;
			children = (
				E26912FF1FE80E31001AC806 /* Alert.swift */,
			);
			path = Alert;
			sourceTree = "<group>";
		};
		E2A5CA941FE9516E00F603AB /* Colors */ = {
			isa = PBXGroup;
			children = (
				E2A5CA951FE9518400F603AB /* ColorPalette.swift */,
			);
			path = Colors;
			sourceTree = "<group>";
		};
		E2AA86C51FDA862600C1C262 /* Filter */ = {
			isa = PBXGroup;
			children = (
				E2AA86CA1FDA933C00C1C262 /* Views */,
				E2AA86C61FDA863B00C1C262 /* Filter.storyboard */,
				E2AA86C81FDA868200C1C262 /* FilterViewController.swift */,
			);
			path = Filter;
			sourceTree = "<group>";
		};
		E2AA86CA1FDA933C00C1C262 /* Views */ = {
			isa = PBXGroup;
			children = (
				E2AA86CB1FDA936600C1C262 /* BorderSwitch.swift */,
			);
			path = Views;
			sourceTree = "<group>";
		};
		E2C409601FDAD77C005F61C5 /* Content Controller */ = {
			isa = PBXGroup;
			children = (
				E2E5510D1FD570E000BAE27E /* ContentControllerView.swift */,
				E2D61EEE1FD843B400A6AA85 /* InteractionLockingContentControllerView.swift */,
			);
			path = "Content Controller";
			sourceTree = "<group>";
		};
		E2CEC7751FE027CE00841FE8 /* Sounds */ = {
			isa = PBXGroup;
			children = (
				E2D9D0201FE147A9005CE19D /* SoundsLocationBasedModel.swift */,
				E268692C1FEAAA76007B4650 /* SoundsTimeBasedModel.swift */,
			);
			path = Sounds;
			sourceTree = "<group>";
		};
		E2D61EEB1FD8230900A6AA85 /* Distance Value */ = {
			isa = PBXGroup;
			children = (
				E2D61EEC1FD8234500A6AA85 /* SingleDistanceValue.swift */,
			);
			path = "Distance Value";
			sourceTree = "<group>";
		};
		E2D61EF01FD84EF000A6AA85 /* Kamino Wrappers */ = {
			isa = PBXGroup;
			children = (
				E2D61EF11FD84EFA00A6AA85 /* View */,
			);
			path = "Kamino Wrappers";
			sourceTree = "<group>";
		};
		E2D61EF11FD84EFA00A6AA85 /* View */ = {
			isa = PBXGroup;
			children = (
				E2D61EF41FD84F4F00A6AA85 /* KaminoUIView.swift */,
				E2D61EF21FD84F0D00A6AA85 /* KaminoUIView+HiddenAnimations.swift */,
			);
			path = View;
			sourceTree = "<group>";
		};
		E2E551021FD54AAB00BAE27E /* Login */ = {
			isa = PBXGroup;
			children = (
				E2E5511A1FD6BDB700BAE27E /* Providers */,
				E2E551031FD54AC800BAE27E /* LoginViewController.swift */,
				E2E551051FD54ADF00BAE27E /* Login.storyboard */,
			);
			path = Login;
			sourceTree = "<group>";
		};
		E2E551071FD56A2200BAE27E /* Authentication Manager */ = {
			isa = PBXGroup;
			children = (
				E2E551081FD56A2E00BAE27E /* AuthenticationManager.swift */,
			);
			path = "Authentication Manager";
			sourceTree = "<group>";
		};
		E2E5510C1FD570E000BAE27E /* User Interface */ = {
			isa = PBXGroup;
			children = (
				E2A5CA941FE9516E00F603AB /* Colors */,
				E26912FE1FE80E25001AC806 /* Alert */,
				E2C409601FDAD77C005F61C5 /* Content Controller */,
				E2E5511C1FD6D89800BAE27E /* Arc Text View */,
			);
			path = "User Interface";
			sourceTree = "<group>";
		};
		E2E551111FD6B7E900BAE27E /* Annotations */ = {
			isa = PBXGroup;
			children = (
				E2E551131FD6B80400BAE27E /* Models */,
				E2E551121FD6B7FE00BAE27E /* Views */,
			);
			path = Annotations;
			sourceTree = "<group>";
		};
		E2E551121FD6B7FE00BAE27E /* Views */ = {
			isa = PBXGroup;
			children = (
				E2E551141FD6B82E00BAE27E /* UserAnnotationView.swift */,
				E2E551161FD6B85700BAE27E /* SoundAnnotationView.swift */,
			);
			path = Views;
			sourceTree = "<group>";
		};
		E2E551131FD6B80400BAE27E /* Models */ = {
			isa = PBXGroup;
			children = (
				E2E551181FD6B88E00BAE27E /* SoundAnnotation.swift */,
			);
			path = Models;
			sourceTree = "<group>";
		};
		E2E5511A1FD6BDB700BAE27E /* Providers */ = {
			isa = PBXGroup;
			children = (
				E2E5511B1FD6BDCE00BAE27E /* Facebook */,
				E2E5510F1FD5746900BAE27E /* ProviderLoginViewController.swift */,
			);
			path = Providers;
			sourceTree = "<group>";
		};
		E2E5511B1FD6BDCE00BAE27E /* Facebook */ = {
			isa = PBXGroup;
			children = (
				E2E5510A1FD56FC500BAE27E /* FacebookLoginViewController.swift */,
			);
			path = Facebook;
			sourceTree = "<group>";
		};
		E2E5511C1FD6D89800BAE27E /* Arc Text View */ = {
			isa = PBXGroup;
			children = (
				E2E5511E1FD6D8C900BAE27E /* CoreTextArcView.m */,
				E2E551201FD6D8E300BAE27E /* CoreTextArcView.h */,
			);
			path = "Arc Text View";
			sourceTree = "<group>";
		};
		E2E551211FD6DAE200BAE27E /* Proximity Rings */ = {
			isa = PBXGroup;
			children = (
				E2E551221FD6DB0100BAE27E /* ProximityRingsView.swift */,
			);
			path = "Proximity Rings";
			sourceTree = "<group>";
		};
		E2EBF5861FCEF34100AAFBC1 /* API Manager */ = {
			isa = PBXGroup;
			children = (
				E2EBF58A1FCEF3BD00AAFBC1 /* APIError.swift */,
				E2EBF5891FCEF3BC00AAFBC1 /* APIRequest.swift */,
				E2EBF58B1FCEF3BD00AAFBC1 /* APIResponse.swift */,
				E2EBF58C1FCEF3BD00AAFBC1 /* APIResponseTools.swift */,
				E2EBF5871FCEF35500AAFBC1 /* APIManager.swift */,
			);
			path = "API Manager";
			sourceTree = "<group>";
		};
		E2EBF5911FCEF40300AAFBC1 /* Application */ = {
			isa = PBXGroup;
			children = (
				E2EBF5921FCEF40E00AAFBC1 /* Globals.swift */,
			);
			path = Application;
			sourceTree = "<group>";
		};
		E2EBF5941FCFFBA400AAFBC1 /* Models */ = {
			isa = PBXGroup;
			children = (
				E2EBF5951FCFFBAF00AAFBC1 /* Sound.swift */,
			);
			path = Models;
			sourceTree = "<group>";
		};
		E2EBF5971FCFFC4100AAFBC1 /* Data */ = {
			isa = PBXGroup;
			children = (
				CCAC287F1FE00C9C00BF7560 /* MultipartFormDataHandler.swift */,
				E2EBF5981FCFFC5300AAFBC1 /* APIJSONTools.swift */,
			);
			path = Data;
			sourceTree = "<group>";
		};
		E2F1DD771FCDEDE8000CC2F1 = {
			isa = PBXGroup;
			children = (
				E2F1DD951FCEA367000CC2F1 /* Soundprints */,
				E2F1DD811FCDEDE8000CC2F1 /* Products */,
				F88CCA193456D6B1235DE805 /* Pods */,
				8034D3EFCE6C8D8F1C3A3332 /* Frameworks */,
				E26912BB1FE7B8FE001AC806 /* Soundprints copy-Info.plist */,
				E26912FD1FE7C0BA001AC806 /* Soundprints-Dev copy-Info.plist */,
			);
			sourceTree = "<group>";
		};
		E2F1DD811FCDEDE8000CC2F1 /* Products */ = {
			isa = PBXGroup;
			children = (
				E2F1DD801FCDEDE8000CC2F1 /* Soundprints.app */,
				E26912BA1FE7B8FD001AC806 /* Soundprints-Dev.app */,
			);
			name = Products;
			sourceTree = "<group>";
		};
		E2F1DD951FCEA367000CC2F1 /* Soundprints */ = {
			isa = PBXGroup;
			children = (
				E2F1DD961FCEA367000CC2F1 /* Resources */,
				E2F1DD981FCEA367000CC2F1 /* Source */,
			);
			path = Soundprints;
			sourceTree = "<group>";
		};
		E2F1DD961FCEA367000CC2F1 /* Resources */ = {
			isa = PBXGroup;
			children = (
				E2F1DD971FCEA367000CC2F1 /* Assets.xcassets */,
				E2B344361FCEBA8F001FC5FD /* R.generated.swift */,
			);
			path = Resources;
			sourceTree = "<group>";
		};
		E2F1DD981FCEA367000CC2F1 /* Source */ = {
			isa = PBXGroup;
			children = (
				E2F1DD991FCEA367000CC2F1 /* Tools */,
				E2F1DD9A1FCEA367000CC2F1 /* Main */,
				E2F1DD9C1FCEA367000CC2F1 /* Data */,
				E2F1DD9D1FCEA367000CC2F1 /* User Interface */,
			);
			path = Source;
			sourceTree = "<group>";
		};
		E2F1DD991FCEA367000CC2F1 /* Tools */ = {
			isa = PBXGroup;
			children = (
				E2CEC7751FE027CE00841FE8 /* Sounds */,
				CC0997561FE3E50100E06279 /* CustomView.swift */,
				CC0997541FE3E4F200E06279 /* ValueAnimator.swift */,
				E2157B841FDEA9F5004E702A /* Folder Manager */,
				E2157B831FDEA9EC004E702A /* Recording */,
				E25AF4DC1FDA9C4600D7BEA2 /* Filters */,
				E2D61EF01FD84EF000A6AA85 /* Kamino Wrappers */,
				E2D61EEB1FD8230900A6AA85 /* Distance Value */,
				E21014871FD813FC005AAE9F /* Time Value */,
				E2E5510C1FD570E000BAE27E /* User Interface */,
				E2EBF5971FCFFC4100AAFBC1 /* Data */,
				E2EBF5911FCEF40300AAFBC1 /* Application */,
			);
			path = Tools;
			sourceTree = "<group>";
		};
		E2F1DD9A1FCEA367000CC2F1 /* Main */ = {
			isa = PBXGroup;
			children = (
				E210147E1FD7F2AE005AAE9F /* Soundprints-Bridging-Header.h */,
				E2F1DD9B1FCEA367000CC2F1 /* AppDelegate.swift */,
				E2F1DDA11FCEA367000CC2F1 /* Info.plist */,
			);
			path = Main;
			sourceTree = "<group>";
		};
		E2F1DD9C1FCEA367000CC2F1 /* Data */ = {
			isa = PBXGroup;
			children = (
				E2E551071FD56A2200BAE27E /* Authentication Manager */,
				E2EBF5941FCFFBA400AAFBC1 /* Models */,
				E2EBF5861FCEF34100AAFBC1 /* API Manager */,
			);
			path = Data;
			sourceTree = "<group>";
		};
		E2F1DD9D1FCEA367000CC2F1 /* User Interface */ = {
			isa = PBXGroup;
			children = (
				E2AA86C51FDA862600C1C262 /* Filter */,
				E210147F1FD7FB66005AAE9F /* Sounds List */,
				E2F1DDAC1FCEB56A000CC2F1 /* Main Map */,
				E2E551021FD54AAB00BAE27E /* Login */,
				E2F1DD9E1FCEA367000CC2F1 /* Main */,
			);
			path = "User Interface";
			sourceTree = "<group>";
		};
		E2F1DD9E1FCEA367000CC2F1 /* Main */ = {
			isa = PBXGroup;
			children = (
				E2F1DD9F1FCEA367000CC2F1 /* LaunchScreen.storyboard */,
				E2F1DDA01FCEA367000CC2F1 /* Main.storyboard */,
				E2F1DDA71FCEA3BF000CC2F1 /* BaseViewController.swift */,
				E2F1DDA91FCEA3DA000CC2F1 /* InitialViewController.swift */,
			);
			path = Main;
			sourceTree = "<group>";
		};
		E2F1DDAC1FCEB56A000CC2F1 /* Main Map */ = {
			isa = PBXGroup;
			children = (
				CC09974D1FE3D85500E06279 /* Views */,
				E2157B891FDEAB97004E702A /* Listen View */,
				E2E551211FD6DAE200BAE27E /* Proximity Rings */,
				E2E551111FD6B7E900BAE27E /* Annotations */,
				E2F1DDAD1FCEB5A2000CC2F1 /* MainMapViewController.swift */,
				E2F1DDAF1FCEB5B5000CC2F1 /* MainMap.storyboard */,
			);
			path = "Main Map";
			sourceTree = "<group>";
		};
		F88CCA193456D6B1235DE805 /* Pods */ = {
			isa = PBXGroup;
			children = (
				0DF6C076C1EE9D61F64DA4ED /* Pods-Soundprints.debug.xcconfig */,
				85A8C7CCD97C1028E00D53F4 /* Pods-Soundprints.release.xcconfig */,
				BA3740000DB6E0F39DD0AE29 /* Pods-Soundprints-Dev.debug.xcconfig */,
				9A6100B1A5197B1A6D75D046 /* Pods-Soundprints-Dev.release.xcconfig */,
			);
			name = Pods;
			sourceTree = "<group>";
		};
/* End PBXGroup section */

/* Begin PBXNativeTarget section */
		E269127A1FE7B8FD001AC806 /* Soundprints-Dev */ = {
			isa = PBXNativeTarget;
			buildConfigurationList = E26912B71FE7B8FD001AC806 /* Build configuration list for PBXNativeTarget "Soundprints-Dev" */;
			buildPhases = (
				F7CA6C0668D9BB13C9EDC0F3 /* [CP] Check Pods Manifest.lock */,
				E269127C1FE7B8FD001AC806 /* R.swift */,
				E269127D1FE7B8FD001AC806 /* Sources */,
				E26912A91FE7B8FD001AC806 /* Frameworks */,
				E26912AB1FE7B8FD001AC806 /* Resources */,
				E26912B61FE7B8FD001AC806 /* Fabric */,
				C9FDB420421353374C4F170C /* [CP] Embed Pods Frameworks */,
				AA0DF8CA154DEBD01CD22BFF /* [CP] Copy Pods Resources */,
			);
			buildRules = (
			);
			dependencies = (
			);
			name = "Soundprints-Dev";
			productName = Soundprints;
			productReference = E26912BA1FE7B8FD001AC806 /* Soundprints-Dev.app */;
			productType = "com.apple.product-type.application";
		};
		E2F1DD7F1FCDEDE8000CC2F1 /* Soundprints */ = {
			isa = PBXNativeTarget;
			buildConfigurationList = E2F1DD921FCDEDE8000CC2F1 /* Build configuration list for PBXNativeTarget "Soundprints" */;
			buildPhases = (
				4727002642415EAA3807D409 /* [CP] Check Pods Manifest.lock */,
				E2B344351FCEB9AF001FC5FD /* R.swift */,
				E2F1DD7C1FCDEDE8000CC2F1 /* Sources */,
				E2F1DD7D1FCDEDE8000CC2F1 /* Frameworks */,
				E2F1DD7E1FCDEDE8000CC2F1 /* Resources */,
				437EA3ED3004EAC6D00BB796 /* [CP] Embed Pods Frameworks */,
				3DBC1469BA8A1FA6699CB20C /* [CP] Copy Pods Resources */,
				E2F1DDB11FCEB80C000CC2F1 /* Fabric */,
			);
			buildRules = (
			);
			dependencies = (
			);
			name = Soundprints;
			productName = Soundprints;
			productReference = E2F1DD801FCDEDE8000CC2F1 /* Soundprints.app */;
			productType = "com.apple.product-type.application";
		};
/* End PBXNativeTarget section */

/* Begin PBXProject section */
		E2F1DD781FCDEDE8000CC2F1 /* Project object */ = {
			isa = PBXProject;
			attributes = {
				LastSwiftUpdateCheck = 0910;
				LastUpgradeCheck = 0910;
				ORGANIZATIONNAME = Kamino;
				TargetAttributes = {
					E269127A1FE7B8FD001AC806 = {
						ProvisioningStyle = Automatic;
					};
					E2F1DD7F1FCDEDE8000CC2F1 = {
						CreatedOnToolsVersion = 9.1;
						LastSwiftMigration = 0910;
						ProvisioningStyle = Automatic;
					};
				};
			};
			buildConfigurationList = E2F1DD7B1FCDEDE8000CC2F1 /* Build configuration list for PBXProject "Soundprints" */;
			compatibilityVersion = "Xcode 8.0";
			developmentRegion = en;
			hasScannedForEncodings = 0;
			knownRegions = (
				en,
				Base,
			);
			mainGroup = E2F1DD771FCDEDE8000CC2F1;
			productRefGroup = E2F1DD811FCDEDE8000CC2F1 /* Products */;
			projectDirPath = "";
			projectRoot = "";
			targets = (
				E2F1DD7F1FCDEDE8000CC2F1 /* Soundprints */,
				E269127A1FE7B8FD001AC806 /* Soundprints-Dev */,
			);
		};
/* End PBXProject section */

/* Begin PBXResourcesBuildPhase section */
		E26912AB1FE7B8FD001AC806 /* Resources */ = {
			isa = PBXResourcesBuildPhase;
			buildActionMask = 2147483647;
			files = (
				E26912AC1FE7B8FD001AC806 /* MainMap.storyboard in Resources */,
				E26912AD1FE7B8FD001AC806 /* ProgressBarView.xib in Resources */,
				E26912AE1FE7B8FD001AC806 /* Main.storyboard in Resources */,
				E26912AF1FE7B8FD001AC806 /* Assets.xcassets in Resources */,
				E26912B01FE7B8FD001AC806 /* Login.storyboard in Resources */,
				E26912B11FE7B8FD001AC806 /* SoundsList.storyboard in Resources */,
				E26912B21FE7B8FD001AC806 /* Filter.storyboard in Resources */,
				E26912B31FE7B8FD001AC806 /* LaunchScreen.storyboard in Resources */,
			);
			runOnlyForDeploymentPostprocessing = 0;
		};
		E2F1DD7E1FCDEDE8000CC2F1 /* Resources */ = {
			isa = PBXResourcesBuildPhase;
			buildActionMask = 2147483647;
			files = (
				E2F1DDB01FCEB5B5000CC2F1 /* MainMap.storyboard in Resources */,
				CC0997511FE3D85500E06279 /* ProgressBarView.xib in Resources */,
				E2F1DDA51FCEA367000CC2F1 /* Main.storyboard in Resources */,
				E2F1DDA21FCEA367000CC2F1 /* Assets.xcassets in Resources */,
				E2E551061FD54ADF00BAE27E /* Login.storyboard in Resources */,
				E21014831FD7FB87005AAE9F /* SoundsList.storyboard in Resources */,
				E2AA86C71FDA863B00C1C262 /* Filter.storyboard in Resources */,
				E2F1DDA41FCEA367000CC2F1 /* LaunchScreen.storyboard in Resources */,
			);
			runOnlyForDeploymentPostprocessing = 0;
		};
/* End PBXResourcesBuildPhase section */

/* Begin PBXShellScriptBuildPhase section */
		3DBC1469BA8A1FA6699CB20C /* [CP] Copy Pods Resources */ = {
			isa = PBXShellScriptBuildPhase;
			buildActionMask = 2147483647;
			files = (
			);
			inputPaths = (
			);
			name = "[CP] Copy Pods Resources";
			outputPaths = (
			);
			runOnlyForDeploymentPostprocessing = 0;
			shellPath = /bin/sh;
			shellScript = "\"${SRCROOT}/Pods/Target Support Files/Pods-Soundprints/Pods-Soundprints-resources.sh\"\n";
			showEnvVarsInLog = 0;
		};
		437EA3ED3004EAC6D00BB796 /* [CP] Embed Pods Frameworks */ = {
			isa = PBXShellScriptBuildPhase;
			buildActionMask = 2147483647;
			files = (
			);
			inputPaths = (
			);
			name = "[CP] Embed Pods Frameworks";
			outputPaths = (
			);
			runOnlyForDeploymentPostprocessing = 0;
			shellPath = /bin/sh;
			shellScript = "\"${SRCROOT}/Pods/Target Support Files/Pods-Soundprints/Pods-Soundprints-frameworks.sh\"\n";
			showEnvVarsInLog = 0;
		};
		4727002642415EAA3807D409 /* [CP] Check Pods Manifest.lock */ = {
			isa = PBXShellScriptBuildPhase;
			buildActionMask = 2147483647;
			files = (
			);
			inputPaths = (
			);
			name = "[CP] Check Pods Manifest.lock";
			outputPaths = (
			);
			runOnlyForDeploymentPostprocessing = 0;
			shellPath = /bin/sh;
			shellScript = "diff \"${PODS_PODFILE_DIR_PATH}/Podfile.lock\" \"${PODS_ROOT}/Manifest.lock\" > /dev/null\nif [ $? != 0 ] ; then\n    # print error to STDERR\n    echo \"error: The sandbox is not in sync with the Podfile.lock. Run 'pod install' or update your CocoaPods installation.\" >&2\n    exit 1\nfi\n";
			showEnvVarsInLog = 0;
		};
		AA0DF8CA154DEBD01CD22BFF /* [CP] Copy Pods Resources */ = {
			isa = PBXShellScriptBuildPhase;
			buildActionMask = 2147483647;
			files = (
			);
			inputPaths = (
			);
			name = "[CP] Copy Pods Resources";
			outputPaths = (
			);
			runOnlyForDeploymentPostprocessing = 0;
			shellPath = /bin/sh;
			shellScript = "\"${SRCROOT}/Pods/Target Support Files/Pods-Soundprints-Dev/Pods-Soundprints-Dev-resources.sh\"\n";
			showEnvVarsInLog = 0;
		};
		C9FDB420421353374C4F170C /* [CP] Embed Pods Frameworks */ = {
			isa = PBXShellScriptBuildPhase;
			buildActionMask = 2147483647;
			files = (
			);
			inputPaths = (
			);
			name = "[CP] Embed Pods Frameworks";
			outputPaths = (
			);
			runOnlyForDeploymentPostprocessing = 0;
			shellPath = /bin/sh;
			shellScript = "\"${SRCROOT}/Pods/Target Support Files/Pods-Soundprints-Dev/Pods-Soundprints-Dev-frameworks.sh\"\n";
			showEnvVarsInLog = 0;
		};
		E269127C1FE7B8FD001AC806 /* R.swift */ = {
			isa = PBXShellScriptBuildPhase;
			buildActionMask = 2147483647;
			files = (
			);
			inputPaths = (
			);
			name = R.swift;
			outputPaths = (
			);
			runOnlyForDeploymentPostprocessing = 0;
			shellPath = /bin/sh;
			shellScript = "\"$PODS_ROOT/R.swift/rswift\" generate \"$SRCROOT/Soundprints/Resources\"";
		};
		E26912B61FE7B8FD001AC806 /* Fabric */ = {
			isa = PBXShellScriptBuildPhase;
			buildActionMask = 2147483647;
			files = (
			);
			inputPaths = (
			);
			name = Fabric;
			outputPaths = (
			);
			runOnlyForDeploymentPostprocessing = 0;
			shellPath = /bin/sh;
			shellScript = "\"${PODS_ROOT}/Fabric/run\" 12dfab8e5f8154ff13da9caeda177a7f7732acfb 4a38cebc68a20a1b89df71127f5da54270b8f172823d4078999eba9af035d101";
		};
		E2B344351FCEB9AF001FC5FD /* R.swift */ = {
			isa = PBXShellScriptBuildPhase;
			buildActionMask = 2147483647;
			files = (
			);
			inputPaths = (
			);
			name = R.swift;
			outputPaths = (
			);
			runOnlyForDeploymentPostprocessing = 0;
			shellPath = /bin/sh;
			shellScript = "\"$PODS_ROOT/R.swift/rswift\" generate \"$SRCROOT/Soundprints/Resources\"";
		};
		E2F1DDB11FCEB80C000CC2F1 /* Fabric */ = {
			isa = PBXShellScriptBuildPhase;
			buildActionMask = 2147483647;
			files = (
			);
			inputPaths = (
			);
			name = Fabric;
			outputPaths = (
			);
			runOnlyForDeploymentPostprocessing = 0;
			shellPath = /bin/sh;
			shellScript = "\"${PODS_ROOT}/Fabric/run\" 12dfab8e5f8154ff13da9caeda177a7f7732acfb 4a38cebc68a20a1b89df71127f5da54270b8f172823d4078999eba9af035d101";
		};
		F7CA6C0668D9BB13C9EDC0F3 /* [CP] Check Pods Manifest.lock */ = {
			isa = PBXShellScriptBuildPhase;
			buildActionMask = 2147483647;
			files = (
			);
			inputPaths = (
			);
			name = "[CP] Check Pods Manifest.lock";
			outputPaths = (
			);
			runOnlyForDeploymentPostprocessing = 0;
			shellPath = /bin/sh;
			shellScript = "diff \"${PODS_PODFILE_DIR_PATH}/Podfile.lock\" \"${PODS_ROOT}/Manifest.lock\" > /dev/null\nif [ $? != 0 ] ; then\n    # print error to STDERR\n    echo \"error: The sandbox is not in sync with the Podfile.lock. Run 'pod install' or update your CocoaPods installation.\" >&2\n    exit 1\nfi\n";
			showEnvVarsInLog = 0;
		};
/* End PBXShellScriptBuildPhase section */

/* Begin PBXSourcesBuildPhase section */
		E269127D1FE7B8FD001AC806 /* Sources */ = {
			isa = PBXSourcesBuildPhase;
			buildActionMask = 2147483647;
			files = (
				E269127E1FE7B8FD001AC806 /* MainMapViewController.swift in Sources */,
				E269127F1FE7B8FD001AC806 /* KaminoUIView.swift in Sources */,
				E26912801FE7B8FD001AC806 /* ContentControllerView.swift in Sources */,
				E26912811FE7B8FD001AC806 /* SoundsLocationBasedModel.swift in Sources */,
				E26912821FE7B8FD001AC806 /* ProximityRingsView.swift in Sources */,
				E26912831FE7B8FD001AC806 /* InitialViewController.swift in Sources */,
				E26912841FE7B8FD001AC806 /* SingleTimeValue.swift in Sources */,
				E26912851FE7B8FD001AC806 /* CustomView.swift in Sources */,
				E26912871FE7B8FD001AC806 /* CoreTextArcView.m in Sources */,
				E268692E1FEAB332007B4650 /* SoundsTimeBasedModel.swift in Sources */,
				E26912881FE7B8FD001AC806 /* SoundAnnotationView.swift in Sources */,
				E26912891FE7B8FD001AC806 /* BorderSwitch.swift in Sources */,
				E269128A1FE7B8FD001AC806 /* FolderManager.swift in Sources */,
				E269128B1FE7B8FD001AC806 /* ProviderLoginViewController.swift in Sources */,
				E269128C1FE7B8FD001AC806 /* Sound.swift in Sources */,
				E269128D1FE7B8FD001AC806 /* FacebookLoginViewController.swift in Sources */,
				E269128E1FE7B8FD001AC806 /* AppDelegate.swift in Sources */,
				E269128F1FE7B8FD001AC806 /* APIManager.swift in Sources */,
				E26912901FE7B8FD001AC806 /* ListenView.swift in Sources */,
				E26912911FE7B8FD001AC806 /* ValueAnimator.swift in Sources */,
				E2A5CA971FE951FA00F603AB /* ColorPalette.swift in Sources */,
				E26912921FE7B8FD001AC806 /* BaseViewController.swift in Sources */,
				E26912931FE7B8FD001AC806 /* APIRequest.swift in Sources */,
				E26912941FE7B8FD001AC806 /* SoundsListCell.swift in Sources */,
				E26912951FE7B8FD001AC806 /* APIResponse.swift in Sources */,
				E26912961FE7B8FD001AC806 /* TimeValue.swift in Sources */,
				E26912971FE7B8FD001AC806 /* SoundAnnotation.swift in Sources */,
				E26912981FE7B8FD001AC806 /* SingleDistanceValue.swift in Sources */,
				E26912991FE7B8FD001AC806 /* R.generated.swift in Sources */,
				E269129A1FE7B8FD001AC806 /* SoundsListViewController.swift in Sources */,
				E269129B1FE7B8FD001AC806 /* APIResponseTools.swift in Sources */,
				E26913011FE80F83001AC806 /* Alert.swift in Sources */,
				E269129C1FE7B8FD001AC806 /* KaminoUIView+HiddenAnimations.swift in Sources */,
				E269129D1FE7B8FD001AC806 /* MultipartFormDataHandler.swift in Sources */,
				E269129E1FE7B8FD001AC806 /* ProgressBarView.swift in Sources */,
				E269129F1FE7B8FD001AC806 /* InteractionLockingContentControllerView.swift in Sources */,
				E26912A01FE7B8FD001AC806 /* RecorderAndPlayer.swift in Sources */,
				E26912A11FE7B8FD001AC806 /* UserAnnotationView.swift in Sources */,
				E26912A21FE7B8FD001AC806 /* FilterViewController.swift in Sources */,
				E26912A31FE7B8FD001AC806 /* AuthenticationManager.swift in Sources */,
				E26912A41FE7B8FD001AC806 /* Globals.swift in Sources */,
				E26912A51FE7B8FD001AC806 /* APIJSONTools.swift in Sources */,
				E26912A61FE7B8FD001AC806 /* FilterManager.swift in Sources */,
				E26912A71FE7B8FD001AC806 /* LoginViewController.swift in Sources */,
				E26912A81FE7B8FD001AC806 /* APIError.swift in Sources */,
			);
			runOnlyForDeploymentPostprocessing = 0;
		};
		E2F1DD7C1FCDEDE8000CC2F1 /* Sources */ = {
			isa = PBXSourcesBuildPhase;
			buildActionMask = 2147483647;
			files = (
				E2F1DDAE1FCEB5A2000CC2F1 /* MainMapViewController.swift in Sources */,
				E2D61EF51FD84F4F00A6AA85 /* KaminoUIView.swift in Sources */,
				E2E5510E1FD570E000BAE27E /* ContentControllerView.swift in Sources */,
				E2D9D0211FE147A9005CE19D /* SoundsLocationBasedModel.swift in Sources */,
				E2E551231FD6DB0100BAE27E /* ProximityRingsView.swift in Sources */,
				E2F1DDAA1FCEA3DA000CC2F1 /* InitialViewController.swift in Sources */,
				E21014891FD81405005AAE9F /* SingleTimeValue.swift in Sources */,
				CC0997571FE3E50100E06279 /* CustomView.swift in Sources */,
				E2E5511F1FD6D8C900BAE27E /* CoreTextArcView.m in Sources */,
				E268692D1FEAAA76007B4650 /* SoundsTimeBasedModel.swift in Sources */,
				E2E551171FD6B85700BAE27E /* SoundAnnotationView.swift in Sources */,
				E2AA86CC1FDA936600C1C262 /* BorderSwitch.swift in Sources */,
				E2157B861FDEAA16004E702A /* FolderManager.swift in Sources */,
				E2E551101FD5746900BAE27E /* ProviderLoginViewController.swift in Sources */,
				E2EBF5961FCFFBAF00AAFBC1 /* Sound.swift in Sources */,
				E2E5510B1FD56FC500BAE27E /* FacebookLoginViewController.swift in Sources */,
				E2F1DDA31FCEA367000CC2F1 /* AppDelegate.swift in Sources */,
				E2EBF5881FCEF35500AAFBC1 /* APIManager.swift in Sources */,
				E2157B8B1FDEABA2004E702A /* ListenView.swift in Sources */,
				CC0997551FE3E4F200E06279 /* ValueAnimator.swift in Sources */,
				E2A5CA961FE9518400F603AB /* ColorPalette.swift in Sources */,
				E2F1DDA81FCEA3BF000CC2F1 /* BaseViewController.swift in Sources */,
				E2EBF58D1FCEF3BD00AAFBC1 /* APIRequest.swift in Sources */,
				E21014861FD80F02005AAE9F /* SoundsListCell.swift in Sources */,
				E2EBF58F1FCEF3BD00AAFBC1 /* APIResponse.swift in Sources */,
				E210148B1FD8161C005AAE9F /* TimeValue.swift in Sources */,
				E2E551191FD6B88E00BAE27E /* SoundAnnotation.swift in Sources */,
				E2D61EED1FD8234500A6AA85 /* SingleDistanceValue.swift in Sources */,
				E2B344371FCEBA8F001FC5FD /* R.generated.swift in Sources */,
				E21014811FD7FB7C005AAE9F /* SoundsListViewController.swift in Sources */,
				E2EBF5901FCEF3BD00AAFBC1 /* APIResponseTools.swift in Sources */,
				E26913001FE80E31001AC806 /* Alert.swift in Sources */,
				E2D61EF31FD84F0D00A6AA85 /* KaminoUIView+HiddenAnimations.swift in Sources */,
				CCAC28801FE00C9D00BF7560 /* MultipartFormDataHandler.swift in Sources */,
				CC0997501FE3D85500E06279 /* ProgressBarView.swift in Sources */,
				E2D61EEF1FD843B400A6AA85 /* InteractionLockingContentControllerView.swift in Sources */,
				E2157B881FDEAA1F004E702A /* RecorderAndPlayer.swift in Sources */,
				E2E551151FD6B82E00BAE27E /* UserAnnotationView.swift in Sources */,
				E2AA86C91FDA868200C1C262 /* FilterViewController.swift in Sources */,
				E2E551091FD56A2E00BAE27E /* AuthenticationManager.swift in Sources */,
				E2EBF5931FCEF40E00AAFBC1 /* Globals.swift in Sources */,
				E2EBF5991FCFFC5300AAFBC1 /* APIJSONTools.swift in Sources */,
				E25AF4DE1FDA9C5000D7BEA2 /* FilterManager.swift in Sources */,
				E2E551041FD54AC800BAE27E /* LoginViewController.swift in Sources */,
				E2EBF58E1FCEF3BD00AAFBC1 /* APIError.swift in Sources */,
			);
			runOnlyForDeploymentPostprocessing = 0;
		};
/* End PBXSourcesBuildPhase section */

/* Begin XCBuildConfiguration section */
		E26912B81FE7B8FD001AC806 /* Debug */ = {
			isa = XCBuildConfiguration;
			baseConfigurationReference = BA3740000DB6E0F39DD0AE29 /* Pods-Soundprints-Dev.debug.xcconfig */;
			buildSettings = {
				ASSETCATALOG_COMPILER_APPICON_NAME = AppIcon;
				CLANG_ENABLE_MODULES = YES;
				CODE_SIGN_STYLE = Automatic;
				DEBUG_INFORMATION_FORMAT = "dwarf-with-dsym";
				DEVELOPMENT_TEAM = 4RJ9D66P45;
				INFOPLIST_FILE = "Soundprints copy-Info.plist";
				IPHONEOS_DEPLOYMENT_TARGET = 9.0;
				LD_RUNPATH_SEARCH_PATHS = "$(inherited) @executable_path/Frameworks";
				PRODUCT_BUNDLE_IDENTIFIER = "com.kamino.Soundprints-Dev";
				PRODUCT_NAME = "$(TARGET_NAME)";
				SWIFT_ACTIVE_COMPILATION_CONDITIONS = "DEV DEBUG";
				SWIFT_OBJC_BRIDGING_HEADER = "Soundprints/Source/Main/Soundprints-Bridging-Header.h";
				SWIFT_OPTIMIZATION_LEVEL = "-Onone";
				SWIFT_VERSION = 4.0;
				TARGETED_DEVICE_FAMILY = "1,2";
			};
			name = Debug;
		};
		E26912B91FE7B8FD001AC806 /* Release */ = {
			isa = XCBuildConfiguration;
			baseConfigurationReference = 9A6100B1A5197B1A6D75D046 /* Pods-Soundprints-Dev.release.xcconfig */;
			buildSettings = {
				ASSETCATALOG_COMPILER_APPICON_NAME = AppIcon;
				CLANG_ENABLE_MODULES = YES;
				CODE_SIGN_STYLE = Automatic;
				DEVELOPMENT_TEAM = 4RJ9D66P45;
				INFOPLIST_FILE = "Soundprints copy-Info.plist";
				IPHONEOS_DEPLOYMENT_TARGET = 9.0;
				LD_RUNPATH_SEARCH_PATHS = "$(inherited) @executable_path/Frameworks";
				PRODUCT_BUNDLE_IDENTIFIER = "com.kamino.Soundprints-Dev";
				PRODUCT_NAME = "$(TARGET_NAME)";
				SWIFT_ACTIVE_COMPILATION_CONDITIONS = DEV;
				SWIFT_OBJC_BRIDGING_HEADER = "Soundprints/Source/Main/Soundprints-Bridging-Header.h";
				SWIFT_VERSION = 4.0;
				TARGETED_DEVICE_FAMILY = "1,2";
			};
			name = Release;
		};
		E2F1DD901FCDEDE8000CC2F1 /* Debug */ = {
			isa = XCBuildConfiguration;
			buildSettings = {
				ALWAYS_SEARCH_USER_PATHS = NO;
				CLANG_ANALYZER_NONNULL = YES;
				CLANG_ANALYZER_NUMBER_OBJECT_CONVERSION = YES_AGGRESSIVE;
				CLANG_CXX_LANGUAGE_STANDARD = "gnu++14";
				CLANG_CXX_LIBRARY = "libc++";
				CLANG_ENABLE_MODULES = YES;
				CLANG_ENABLE_OBJC_ARC = YES;
				CLANG_WARN_BLOCK_CAPTURE_AUTORELEASING = YES;
				CLANG_WARN_BOOL_CONVERSION = YES;
				CLANG_WARN_COMMA = YES;
				CLANG_WARN_CONSTANT_CONVERSION = YES;
				CLANG_WARN_DIRECT_OBJC_ISA_USAGE = YES_ERROR;
				CLANG_WARN_DOCUMENTATION_COMMENTS = YES;
				CLANG_WARN_EMPTY_BODY = YES;
				CLANG_WARN_ENUM_CONVERSION = YES;
				CLANG_WARN_INFINITE_RECURSION = YES;
				CLANG_WARN_INT_CONVERSION = YES;
				CLANG_WARN_NON_LITERAL_NULL_CONVERSION = YES;
				CLANG_WARN_OBJC_LITERAL_CONVERSION = YES;
				CLANG_WARN_OBJC_ROOT_CLASS = YES_ERROR;
				CLANG_WARN_RANGE_LOOP_ANALYSIS = YES;
				CLANG_WARN_STRICT_PROTOTYPES = YES;
				CLANG_WARN_SUSPICIOUS_MOVE = YES;
				CLANG_WARN_UNGUARDED_AVAILABILITY = YES_AGGRESSIVE;
				CLANG_WARN_UNREACHABLE_CODE = YES;
				CLANG_WARN__DUPLICATE_METHOD_MATCH = YES;
				CODE_SIGN_IDENTITY = "iPhone Developer";
				COPY_PHASE_STRIP = NO;
				DEBUG_INFORMATION_FORMAT = dwarf;
				ENABLE_STRICT_OBJC_MSGSEND = YES;
				ENABLE_TESTABILITY = YES;
				GCC_C_LANGUAGE_STANDARD = gnu11;
				GCC_DYNAMIC_NO_PIC = NO;
				GCC_NO_COMMON_BLOCKS = YES;
				GCC_OPTIMIZATION_LEVEL = 0;
				GCC_PREPROCESSOR_DEFINITIONS = (
					"DEBUG=1",
					"$(inherited)",
				);
				GCC_WARN_64_TO_32_BIT_CONVERSION = YES;
				GCC_WARN_ABOUT_RETURN_TYPE = YES_ERROR;
				GCC_WARN_UNDECLARED_SELECTOR = YES;
				GCC_WARN_UNINITIALIZED_AUTOS = YES_AGGRESSIVE;
				GCC_WARN_UNUSED_FUNCTION = YES;
				GCC_WARN_UNUSED_VARIABLE = YES;
				IPHONEOS_DEPLOYMENT_TARGET = 11.1;
				MTL_ENABLE_DEBUG_INFO = YES;
				ONLY_ACTIVE_ARCH = YES;
				SDKROOT = iphoneos;
				SWIFT_ACTIVE_COMPILATION_CONDITIONS = DEBUG;
				SWIFT_OPTIMIZATION_LEVEL = "-Onone";
			};
			name = Debug;
		};
		E2F1DD911FCDEDE8000CC2F1 /* Release */ = {
			isa = XCBuildConfiguration;
			buildSettings = {
				ALWAYS_SEARCH_USER_PATHS = NO;
				CLANG_ANALYZER_NONNULL = YES;
				CLANG_ANALYZER_NUMBER_OBJECT_CONVERSION = YES_AGGRESSIVE;
				CLANG_CXX_LANGUAGE_STANDARD = "gnu++14";
				CLANG_CXX_LIBRARY = "libc++";
				CLANG_ENABLE_MODULES = YES;
				CLANG_ENABLE_OBJC_ARC = YES;
				CLANG_WARN_BLOCK_CAPTURE_AUTORELEASING = YES;
				CLANG_WARN_BOOL_CONVERSION = YES;
				CLANG_WARN_COMMA = YES;
				CLANG_WARN_CONSTANT_CONVERSION = YES;
				CLANG_WARN_DIRECT_OBJC_ISA_USAGE = YES_ERROR;
				CLANG_WARN_DOCUMENTATION_COMMENTS = YES;
				CLANG_WARN_EMPTY_BODY = YES;
				CLANG_WARN_ENUM_CONVERSION = YES;
				CLANG_WARN_INFINITE_RECURSION = YES;
				CLANG_WARN_INT_CONVERSION = YES;
				CLANG_WARN_NON_LITERAL_NULL_CONVERSION = YES;
				CLANG_WARN_OBJC_LITERAL_CONVERSION = YES;
				CLANG_WARN_OBJC_ROOT_CLASS = YES_ERROR;
				CLANG_WARN_RANGE_LOOP_ANALYSIS = YES;
				CLANG_WARN_STRICT_PROTOTYPES = YES;
				CLANG_WARN_SUSPICIOUS_MOVE = YES;
				CLANG_WARN_UNGUARDED_AVAILABILITY = YES_AGGRESSIVE;
				CLANG_WARN_UNREACHABLE_CODE = YES;
				CLANG_WARN__DUPLICATE_METHOD_MATCH = YES;
				CODE_SIGN_IDENTITY = "iPhone Developer";
				COPY_PHASE_STRIP = NO;
				DEBUG_INFORMATION_FORMAT = "dwarf-with-dsym";
				ENABLE_NS_ASSERTIONS = NO;
				ENABLE_STRICT_OBJC_MSGSEND = YES;
				GCC_C_LANGUAGE_STANDARD = gnu11;
				GCC_NO_COMMON_BLOCKS = YES;
				GCC_WARN_64_TO_32_BIT_CONVERSION = YES;
				GCC_WARN_ABOUT_RETURN_TYPE = YES_ERROR;
				GCC_WARN_UNDECLARED_SELECTOR = YES;
				GCC_WARN_UNINITIALIZED_AUTOS = YES_AGGRESSIVE;
				GCC_WARN_UNUSED_FUNCTION = YES;
				GCC_WARN_UNUSED_VARIABLE = YES;
				IPHONEOS_DEPLOYMENT_TARGET = 11.1;
				MTL_ENABLE_DEBUG_INFO = NO;
				SDKROOT = iphoneos;
				SWIFT_OPTIMIZATION_LEVEL = "-Owholemodule";
				VALIDATE_PRODUCT = YES;
			};
			name = Release;
		};
		E2F1DD931FCDEDE8000CC2F1 /* Debug */ = {
			isa = XCBuildConfiguration;
			baseConfigurationReference = 0DF6C076C1EE9D61F64DA4ED /* Pods-Soundprints.debug.xcconfig */;
			buildSettings = {
				ASSETCATALOG_COMPILER_APPICON_NAME = AppIcon;
				CLANG_ENABLE_MODULES = YES;
				CODE_SIGN_STYLE = Automatic;
				DEBUG_INFORMATION_FORMAT = "dwarf-with-dsym";
				DEVELOPMENT_TEAM = 4RJ9D66P45;
				INFOPLIST_FILE = Soundprints/Source/Main/Info.plist;
				IPHONEOS_DEPLOYMENT_TARGET = 9.0;
				LD_RUNPATH_SEARCH_PATHS = "$(inherited) @executable_path/Frameworks";
				PRODUCT_BUNDLE_IDENTIFIER = com.kamino.Soundprints;
				PRODUCT_NAME = "$(TARGET_NAME)";
				SWIFT_ACTIVE_COMPILATION_CONDITIONS = DEBUG;
				SWIFT_OBJC_BRIDGING_HEADER = "Soundprints/Source/Main/Soundprints-Bridging-Header.h";
				SWIFT_OPTIMIZATION_LEVEL = "-Onone";
				SWIFT_VERSION = 4.0;
				TARGETED_DEVICE_FAMILY = "1,2";
			};
			name = Debug;
		};
		E2F1DD941FCDEDE8000CC2F1 /* Release */ = {
			isa = XCBuildConfiguration;
			baseConfigurationReference = 85A8C7CCD97C1028E00D53F4 /* Pods-Soundprints.release.xcconfig */;
			buildSettings = {
				ASSETCATALOG_COMPILER_APPICON_NAME = AppIcon;
				CLANG_ENABLE_MODULES = YES;
				CODE_SIGN_STYLE = Automatic;
				DEVELOPMENT_TEAM = 4RJ9D66P45;
				INFOPLIST_FILE = Soundprints/Source/Main/Info.plist;
				IPHONEOS_DEPLOYMENT_TARGET = 9.0;
				LD_RUNPATH_SEARCH_PATHS = "$(inherited) @executable_path/Frameworks";
				PRODUCT_BUNDLE_IDENTIFIER = com.kamino.Soundprints;
				PRODUCT_NAME = "$(TARGET_NAME)";
				SWIFT_ACTIVE_COMPILATION_CONDITIONS = "";
				SWIFT_OBJC_BRIDGING_HEADER = "Soundprints/Source/Main/Soundprints-Bridging-Header.h";
				SWIFT_VERSION = 4.0;
				TARGETED_DEVICE_FAMILY = "1,2";
			};
			name = Release;
		};
/* End XCBuildConfiguration section */

/* Begin XCConfigurationList section */
		E26912B71FE7B8FD001AC806 /* Build configuration list for PBXNativeTarget "Soundprints-Dev" */ = {
			isa = XCConfigurationList;
			buildConfigurations = (
				E26912B81FE7B8FD001AC806 /* Debug */,
				E26912B91FE7B8FD001AC806 /* Release */,
			);
			defaultConfigurationIsVisible = 0;
			defaultConfigurationName = Release;
		};
		E2F1DD7B1FCDEDE8000CC2F1 /* Build configuration list for PBXProject "Soundprints" */ = {
			isa = XCConfigurationList;
			buildConfigurations = (
				E2F1DD901FCDEDE8000CC2F1 /* Debug */,
				E2F1DD911FCDEDE8000CC2F1 /* Release */,
			);
			defaultConfigurationIsVisible = 0;
			defaultConfigurationName = Release;
		};
		E2F1DD921FCDEDE8000CC2F1 /* Build configuration list for PBXNativeTarget "Soundprints" */ = {
			isa = XCConfigurationList;
			buildConfigurations = (
				E2F1DD931FCDEDE8000CC2F1 /* Debug */,
				E2F1DD941FCDEDE8000CC2F1 /* Release */,
			);
			defaultConfigurationIsVisible = 0;
			defaultConfigurationName = Release;
		};
/* End XCConfigurationList section */
	};
	rootObject = E2F1DD781FCDEDE8000CC2F1 /* Project object */;
}
