// !$*UTF8*$!
{
	archiveVersion = 1;
	classes = {
	};
	objectVersion = 48;
	objects = {

/* Begin PBXBuildFile section */
		15911F457A4ADFBD1F234989 /* Pods_Soundprints.framework in Frameworks */ = {isa = PBXBuildFile; fileRef = 108272D2F2087D27A72BB0B7 /* Pods_Soundprints.framework */; };
		E2B344371FCEBA8F001FC5FD /* R.generated.swift in Sources */ = {isa = PBXBuildFile; fileRef = E2B344361FCEBA8F001FC5FD /* R.generated.swift */; };
		E2E551041FD54AC800BAE27E /* LoginViewController.swift in Sources */ = {isa = PBXBuildFile; fileRef = E2E551031FD54AC800BAE27E /* LoginViewController.swift */; };
		E2E551061FD54ADF00BAE27E /* Login.storyboard in Resources */ = {isa = PBXBuildFile; fileRef = E2E551051FD54ADF00BAE27E /* Login.storyboard */; };
		E2E551091FD56A2E00BAE27E /* AuthenticationManager.swift in Sources */ = {isa = PBXBuildFile; fileRef = E2E551081FD56A2E00BAE27E /* AuthenticationManager.swift */; };
		E2E5510B1FD56FC500BAE27E /* FacebookLoginViewController.swift in Sources */ = {isa = PBXBuildFile; fileRef = E2E5510A1FD56FC500BAE27E /* FacebookLoginViewController.swift */; };
		E2E5510E1FD570E000BAE27E /* ContentControllerView.swift in Sources */ = {isa = PBXBuildFile; fileRef = E2E5510D1FD570E000BAE27E /* ContentControllerView.swift */; };
		E2E551101FD5746900BAE27E /* ProviderLoginViewController.swift in Sources */ = {isa = PBXBuildFile; fileRef = E2E5510F1FD5746900BAE27E /* ProviderLoginViewController.swift */; };
		E2EBF5881FCEF35500AAFBC1 /* APIManager.swift in Sources */ = {isa = PBXBuildFile; fileRef = E2EBF5871FCEF35500AAFBC1 /* APIManager.swift */; };
		E2EBF58D1FCEF3BD00AAFBC1 /* APIRequest.swift in Sources */ = {isa = PBXBuildFile; fileRef = E2EBF5891FCEF3BC00AAFBC1 /* APIRequest.swift */; };
		E2EBF58E1FCEF3BD00AAFBC1 /* APIError.swift in Sources */ = {isa = PBXBuildFile; fileRef = E2EBF58A1FCEF3BD00AAFBC1 /* APIError.swift */; };
		E2EBF58F1FCEF3BD00AAFBC1 /* APIResponse.swift in Sources */ = {isa = PBXBuildFile; fileRef = E2EBF58B1FCEF3BD00AAFBC1 /* APIResponse.swift */; };
		E2EBF5901FCEF3BD00AAFBC1 /* APIResponseTools.swift in Sources */ = {isa = PBXBuildFile; fileRef = E2EBF58C1FCEF3BD00AAFBC1 /* APIResponseTools.swift */; };
		E2EBF5931FCEF40E00AAFBC1 /* Globals.swift in Sources */ = {isa = PBXBuildFile; fileRef = E2EBF5921FCEF40E00AAFBC1 /* Globals.swift */; };
		E2EBF5961FCFFBAF00AAFBC1 /* Sound.swift in Sources */ = {isa = PBXBuildFile; fileRef = E2EBF5951FCFFBAF00AAFBC1 /* Sound.swift */; };
		E2EBF5991FCFFC5300AAFBC1 /* APIJSONTools.swift in Sources */ = {isa = PBXBuildFile; fileRef = E2EBF5981FCFFC5300AAFBC1 /* APIJSONTools.swift */; };
		E2F1DDA21FCEA367000CC2F1 /* Assets.xcassets in Resources */ = {isa = PBXBuildFile; fileRef = E2F1DD971FCEA367000CC2F1 /* Assets.xcassets */; };
		E2F1DDA31FCEA367000CC2F1 /* AppDelegate.swift in Sources */ = {isa = PBXBuildFile; fileRef = E2F1DD9B1FCEA367000CC2F1 /* AppDelegate.swift */; };
		E2F1DDA41FCEA367000CC2F1 /* LaunchScreen.storyboard in Resources */ = {isa = PBXBuildFile; fileRef = E2F1DD9F1FCEA367000CC2F1 /* LaunchScreen.storyboard */; };
		E2F1DDA51FCEA367000CC2F1 /* Main.storyboard in Resources */ = {isa = PBXBuildFile; fileRef = E2F1DDA01FCEA367000CC2F1 /* Main.storyboard */; };
		E2F1DDA61FCEA367000CC2F1 /* Info.plist in Resources */ = {isa = PBXBuildFile; fileRef = E2F1DDA11FCEA367000CC2F1 /* Info.plist */; };
		E2F1DDA81FCEA3BF000CC2F1 /* BaseViewController.swift in Sources */ = {isa = PBXBuildFile; fileRef = E2F1DDA71FCEA3BF000CC2F1 /* BaseViewController.swift */; };
		E2F1DDAA1FCEA3DA000CC2F1 /* InitialViewController.swift in Sources */ = {isa = PBXBuildFile; fileRef = E2F1DDA91FCEA3DA000CC2F1 /* InitialViewController.swift */; };
/* End PBXBuildFile section */

/* Begin PBXFileReference section */
		108272D2F2087D27A72BB0B7 /* Pods_Soundprints.framework */ = {isa = PBXFileReference; explicitFileType = wrapper.framework; includeInIndex = 0; path = Pods_Soundprints.framework; sourceTree = BUILT_PRODUCTS_DIR; };
		34DA75E4F0D73D17402B77D7 /* Pods-Soundprints.release.xcconfig */ = {isa = PBXFileReference; includeInIndex = 1; lastKnownFileType = text.xcconfig; name = "Pods-Soundprints.release.xcconfig"; path = "Pods/Target Support Files/Pods-Soundprints/Pods-Soundprints.release.xcconfig"; sourceTree = "<group>"; };
		C06D222F24E2EE27F80A0247 /* Pods-Soundprints.debug.xcconfig */ = {isa = PBXFileReference; includeInIndex = 1; lastKnownFileType = text.xcconfig; name = "Pods-Soundprints.debug.xcconfig"; path = "Pods/Target Support Files/Pods-Soundprints/Pods-Soundprints.debug.xcconfig"; sourceTree = "<group>"; };
		E2B344361FCEBA8F001FC5FD /* R.generated.swift */ = {isa = PBXFileReference; fileEncoding = 4; lastKnownFileType = sourcecode.swift; path = R.generated.swift; sourceTree = "<group>"; };
		E2E551031FD54AC800BAE27E /* LoginViewController.swift */ = {isa = PBXFileReference; lastKnownFileType = sourcecode.swift; path = LoginViewController.swift; sourceTree = "<group>"; };
		E2E551051FD54ADF00BAE27E /* Login.storyboard */ = {isa = PBXFileReference; lastKnownFileType = file.storyboard; path = Login.storyboard; sourceTree = "<group>"; };
		E2E551081FD56A2E00BAE27E /* AuthenticationManager.swift */ = {isa = PBXFileReference; lastKnownFileType = sourcecode.swift; path = AuthenticationManager.swift; sourceTree = "<group>"; };
		E2E5510A1FD56FC500BAE27E /* FacebookLoginViewController.swift */ = {isa = PBXFileReference; lastKnownFileType = sourcecode.swift; path = FacebookLoginViewController.swift; sourceTree = "<group>"; };
		E2E5510D1FD570E000BAE27E /* ContentControllerView.swift */ = {isa = PBXFileReference; fileEncoding = 4; lastKnownFileType = sourcecode.swift; path = ContentControllerView.swift; sourceTree = "<group>"; };
		E2E5510F1FD5746900BAE27E /* ProviderLoginViewController.swift */ = {isa = PBXFileReference; lastKnownFileType = sourcecode.swift; path = ProviderLoginViewController.swift; sourceTree = "<group>"; };
		E2EBF5871FCEF35500AAFBC1 /* APIManager.swift */ = {isa = PBXFileReference; lastKnownFileType = sourcecode.swift; path = APIManager.swift; sourceTree = "<group>"; };
		E2EBF5891FCEF3BC00AAFBC1 /* APIRequest.swift */ = {isa = PBXFileReference; fileEncoding = 4; lastKnownFileType = sourcecode.swift; path = APIRequest.swift; sourceTree = "<group>"; };
		E2EBF58A1FCEF3BD00AAFBC1 /* APIError.swift */ = {isa = PBXFileReference; fileEncoding = 4; lastKnownFileType = sourcecode.swift; path = APIError.swift; sourceTree = "<group>"; };
		E2EBF58B1FCEF3BD00AAFBC1 /* APIResponse.swift */ = {isa = PBXFileReference; fileEncoding = 4; lastKnownFileType = sourcecode.swift; path = APIResponse.swift; sourceTree = "<group>"; };
		E2EBF58C1FCEF3BD00AAFBC1 /* APIResponseTools.swift */ = {isa = PBXFileReference; fileEncoding = 4; lastKnownFileType = sourcecode.swift; path = APIResponseTools.swift; sourceTree = "<group>"; };
		E2EBF5921FCEF40E00AAFBC1 /* Globals.swift */ = {isa = PBXFileReference; lastKnownFileType = sourcecode.swift; path = Globals.swift; sourceTree = "<group>"; };
		E2EBF5951FCFFBAF00AAFBC1 /* Sound.swift */ = {isa = PBXFileReference; lastKnownFileType = sourcecode.swift; path = Sound.swift; sourceTree = "<group>"; };
		E2EBF5981FCFFC5300AAFBC1 /* APIJSONTools.swift */ = {isa = PBXFileReference; lastKnownFileType = sourcecode.swift; path = APIJSONTools.swift; sourceTree = "<group>"; };
		E2F1DD801FCDEDE8000CC2F1 /* Soundprints.app */ = {isa = PBXFileReference; explicitFileType = wrapper.application; includeInIndex = 0; path = Soundprints.app; sourceTree = BUILT_PRODUCTS_DIR; };
		E2F1DD971FCEA367000CC2F1 /* Assets.xcassets */ = {isa = PBXFileReference; lastKnownFileType = folder.assetcatalog; path = Assets.xcassets; sourceTree = "<group>"; };
		E2F1DD9B1FCEA367000CC2F1 /* AppDelegate.swift */ = {isa = PBXFileReference; fileEncoding = 4; lastKnownFileType = sourcecode.swift; path = AppDelegate.swift; sourceTree = "<group>"; };
		E2F1DD9F1FCEA367000CC2F1 /* LaunchScreen.storyboard */ = {isa = PBXFileReference; fileEncoding = 4; lastKnownFileType = file.storyboard; path = LaunchScreen.storyboard; sourceTree = "<group>"; };
		E2F1DDA01FCEA367000CC2F1 /* Main.storyboard */ = {isa = PBXFileReference; fileEncoding = 4; lastKnownFileType = file.storyboard; path = Main.storyboard; sourceTree = "<group>"; };
		E2F1DDA11FCEA367000CC2F1 /* Info.plist */ = {isa = PBXFileReference; fileEncoding = 4; lastKnownFileType = text.plist.xml; path = Info.plist; sourceTree = "<group>"; };
		E2F1DDA71FCEA3BF000CC2F1 /* BaseViewController.swift */ = {isa = PBXFileReference; lastKnownFileType = sourcecode.swift; path = BaseViewController.swift; sourceTree = "<group>"; };
		E2F1DDA91FCEA3DA000CC2F1 /* InitialViewController.swift */ = {isa = PBXFileReference; lastKnownFileType = sourcecode.swift; path = InitialViewController.swift; sourceTree = "<group>"; };
/* End PBXFileReference section */

/* Begin PBXFrameworksBuildPhase section */
		E2F1DD7D1FCDEDE8000CC2F1 /* Frameworks */ = {
			isa = PBXFrameworksBuildPhase;
			buildActionMask = 2147483647;
			files = (
				15911F457A4ADFBD1F234989 /* Pods_Soundprints.framework in Frameworks */,
			);
			runOnlyForDeploymentPostprocessing = 0;
		};
/* End PBXFrameworksBuildPhase section */

/* Begin PBXGroup section */
		8034D3EFCE6C8D8F1C3A3332 /* Frameworks */ = {
			isa = PBXGroup;
			children = (
				108272D2F2087D27A72BB0B7 /* Pods_Soundprints.framework */,
			);
			name = Frameworks;
			sourceTree = "<group>";
		};
		E2E551021FD54AAB00BAE27E /* Login */ = {
			isa = PBXGroup;
			children = (
				E2E551031FD54AC800BAE27E /* LoginViewController.swift */,
				E2E5510A1FD56FC500BAE27E /* FacebookLoginViewController.swift */,
				E2E551051FD54ADF00BAE27E /* Login.storyboard */,
				E2E5510F1FD5746900BAE27E /* ProviderLoginViewController.swift */,
			);
			path = Login;
			sourceTree = "<group>";
		};
		E2E551071FD56A2200BAE27E /* Authentication Manager */ = {
			isa = PBXGroup;
			children = (
				E2E551081FD56A2E00BAE27E /* AuthenticationManager.swift */,
			);
			path = "Authentication Manager";
			sourceTree = "<group>";
		};
		E2E5510C1FD570E000BAE27E /* User Interface */ = {
			isa = PBXGroup;
			children = (
				E2E5510D1FD570E000BAE27E /* ContentControllerView.swift */,
			);
			path = "User Interface";
			sourceTree = "<group>";
		};
		E2EBF5861FCEF34100AAFBC1 /* API Manager */ = {
			isa = PBXGroup;
			children = (
				E2EBF58A1FCEF3BD00AAFBC1 /* APIError.swift */,
				E2EBF5891FCEF3BC00AAFBC1 /* APIRequest.swift */,
				E2EBF58B1FCEF3BD00AAFBC1 /* APIResponse.swift */,
				E2EBF58C1FCEF3BD00AAFBC1 /* APIResponseTools.swift */,
				E2EBF5871FCEF35500AAFBC1 /* APIManager.swift */,
			);
			path = "API Manager";
			sourceTree = "<group>";
		};
		E2EBF5911FCEF40300AAFBC1 /* Application */ = {
			isa = PBXGroup;
			children = (
				E2EBF5921FCEF40E00AAFBC1 /* Globals.swift */,
			);
			path = Application;
			sourceTree = "<group>";
		};
		E2EBF5941FCFFBA400AAFBC1 /* Models */ = {
			isa = PBXGroup;
			children = (
				E2EBF5951FCFFBAF00AAFBC1 /* Sound.swift */,
			);
			path = Models;
			sourceTree = "<group>";
		};
		E2EBF5971FCFFC4100AAFBC1 /* Data */ = {
			isa = PBXGroup;
			children = (
				E2EBF5981FCFFC5300AAFBC1 /* APIJSONTools.swift */,
			);
			path = Data;
			sourceTree = "<group>";
		};
		E2F1DD771FCDEDE8000CC2F1 = {
			isa = PBXGroup;
			children = (
				E2F1DD951FCEA367000CC2F1 /* Soundprints */,
				E2F1DD811FCDEDE8000CC2F1 /* Products */,
				F88CCA193456D6B1235DE805 /* Pods */,
				8034D3EFCE6C8D8F1C3A3332 /* Frameworks */,
			);
			sourceTree = "<group>";
		};
		E2F1DD811FCDEDE8000CC2F1 /* Products */ = {
			isa = PBXGroup;
			children = (
				E2F1DD801FCDEDE8000CC2F1 /* Soundprints.app */,
			);
			name = Products;
			sourceTree = "<group>";
		};
		E2F1DD951FCEA367000CC2F1 /* Soundprints */ = {
			isa = PBXGroup;
			children = (
				E2F1DD961FCEA367000CC2F1 /* Resources */,
				E2F1DD981FCEA367000CC2F1 /* Source */,
				E2F1DDA11FCEA367000CC2F1 /* Info.plist */,
			);
			path = Soundprints;
			sourceTree = "<group>";
		};
		E2F1DD961FCEA367000CC2F1 /* Resources */ = {
			isa = PBXGroup;
			children = (
				E2F1DD971FCEA367000CC2F1 /* Assets.xcassets */,
				E2B344361FCEBA8F001FC5FD /* R.generated.swift */,
			);
			path = Resources;
			sourceTree = "<group>";
		};
		E2F1DD981FCEA367000CC2F1 /* Source */ = {
			isa = PBXGroup;
			children = (
				E2F1DD991FCEA367000CC2F1 /* Tools */,
				E2F1DD9A1FCEA367000CC2F1 /* Main */,
				E2F1DD9C1FCEA367000CC2F1 /* Data */,
				E2F1DD9D1FCEA367000CC2F1 /* User Interface */,
			);
			path = Source;
			sourceTree = "<group>";
		};
		E2F1DD991FCEA367000CC2F1 /* Tools */ = {
			isa = PBXGroup;
			children = (
				E2E5510C1FD570E000BAE27E /* User Interface */,
				E2EBF5971FCFFC4100AAFBC1 /* Data */,
				E2EBF5911FCEF40300AAFBC1 /* Application */,
			);
			path = Tools;
			sourceTree = "<group>";
		};
		E2F1DD9A1FCEA367000CC2F1 /* Main */ = {
			isa = PBXGroup;
			children = (
				E2F1DD9B1FCEA367000CC2F1 /* AppDelegate.swift */,
			);
			path = Main;
			sourceTree = "<group>";
		};
		E2F1DD9C1FCEA367000CC2F1 /* Data */ = {
			isa = PBXGroup;
			children = (
				E2E551071FD56A2200BAE27E /* Authentication Manager */,
				E2EBF5941FCFFBA400AAFBC1 /* Models */,
				E2EBF5861FCEF34100AAFBC1 /* API Manager */,
			);
			path = Data;
			sourceTree = "<group>";
		};
		E2F1DD9D1FCEA367000CC2F1 /* User Interface */ = {
			isa = PBXGroup;
			children = (
				E2E551021FD54AAB00BAE27E /* Login */,
				E2F1DD9E1FCEA367000CC2F1 /* Main */,
			);
			path = "User Interface";
			sourceTree = "<group>";
		};
		E2F1DD9E1FCEA367000CC2F1 /* Main */ = {
			isa = PBXGroup;
			children = (
				E2F1DD9F1FCEA367000CC2F1 /* LaunchScreen.storyboard */,
				E2F1DDA01FCEA367000CC2F1 /* Main.storyboard */,
				E2F1DDA71FCEA3BF000CC2F1 /* BaseViewController.swift */,
				E2F1DDA91FCEA3DA000CC2F1 /* InitialViewController.swift */,
			);
			path = Main;
			sourceTree = "<group>";
		};
		F88CCA193456D6B1235DE805 /* Pods */ = {
			isa = PBXGroup;
			children = (
				C06D222F24E2EE27F80A0247 /* Pods-Soundprints.debug.xcconfig */,
				34DA75E4F0D73D17402B77D7 /* Pods-Soundprints.release.xcconfig */,
			);
			name = Pods;
			sourceTree = "<group>";
		};
/* End PBXGroup section */

/* Begin PBXNativeTarget section */
		E2F1DD7F1FCDEDE8000CC2F1 /* Soundprints */ = {
			isa = PBXNativeTarget;
			buildConfigurationList = E2F1DD921FCDEDE8000CC2F1 /* Build configuration list for PBXNativeTarget "Soundprints" */;
			buildPhases = (
				4727002642415EAA3807D409 /* [CP] Check Pods Manifest.lock */,
				E2B344351FCEB9AF001FC5FD /* R.swift */,
				E2F1DD7C1FCDEDE8000CC2F1 /* Sources */,
				E2F1DD7D1FCDEDE8000CC2F1 /* Frameworks */,
				E2F1DD7E1FCDEDE8000CC2F1 /* Resources */,
				437EA3ED3004EAC6D00BB796 /* [CP] Embed Pods Frameworks */,
				3DBC1469BA8A1FA6699CB20C /* [CP] Copy Pods Resources */,
				E2F1DDB11FCEB80C000CC2F1 /* Fabric */,
			);
			buildRules = (
			);
			dependencies = (
			);
			name = Soundprints;
			productName = Soundprints;
			productReference = E2F1DD801FCDEDE8000CC2F1 /* Soundprints.app */;
			productType = "com.apple.product-type.application";
		};
/* End PBXNativeTarget section */

/* Begin PBXProject section */
		E2F1DD781FCDEDE8000CC2F1 /* Project object */ = {
			isa = PBXProject;
			attributes = {
				LastSwiftUpdateCheck = 0910;
				LastUpgradeCheck = 0910;
				ORGANIZATIONNAME = Kamino;
				TargetAttributes = {
					E2F1DD7F1FCDEDE8000CC2F1 = {
						CreatedOnToolsVersion = 9.1;
						ProvisioningStyle = Automatic;
					};
				};
			};
			buildConfigurationList = E2F1DD7B1FCDEDE8000CC2F1 /* Build configuration list for PBXProject "Soundprints" */;
			compatibilityVersion = "Xcode 8.0";
			developmentRegion = en;
			hasScannedForEncodings = 0;
			knownRegions = (
				en,
				Base,
			);
			mainGroup = E2F1DD771FCDEDE8000CC2F1;
			productRefGroup = E2F1DD811FCDEDE8000CC2F1 /* Products */;
			projectDirPath = "";
			projectRoot = "";
			targets = (
				E2F1DD7F1FCDEDE8000CC2F1 /* Soundprints */,
			);
		};
/* End PBXProject section */

/* Begin PBXResourcesBuildPhase section */
		E2F1DD7E1FCDEDE8000CC2F1 /* Resources */ = {
			isa = PBXResourcesBuildPhase;
			buildActionMask = 2147483647;
			files = (
				E2F1DDA61FCEA367000CC2F1 /* Info.plist in Resources */,
				E2F1DDA51FCEA367000CC2F1 /* Main.storyboard in Resources */,
				E2F1DDA21FCEA367000CC2F1 /* Assets.xcassets in Resources */,
				E2E551061FD54ADF00BAE27E /* Login.storyboard in Resources */,
				E2F1DDA41FCEA367000CC2F1 /* LaunchScreen.storyboard in Resources */,
			);
			runOnlyForDeploymentPostprocessing = 0;
		};
/* End PBXResourcesBuildPhase section */

/* Begin PBXShellScriptBuildPhase section */
		3DBC1469BA8A1FA6699CB20C /* [CP] Copy Pods Resources */ = {
			isa = PBXShellScriptBuildPhase;
			buildActionMask = 2147483647;
			files = (
			);
			inputPaths = (
			);
			name = "[CP] Copy Pods Resources";
			outputPaths = (
			);
			runOnlyForDeploymentPostprocessing = 0;
			shellPath = /bin/sh;
			shellScript = "\"${SRCROOT}/Pods/Target Support Files/Pods-Soundprints/Pods-Soundprints-resources.sh\"\n";
			showEnvVarsInLog = 0;
		};
		437EA3ED3004EAC6D00BB796 /* [CP] Embed Pods Frameworks */ = {
			isa = PBXShellScriptBuildPhase;
			buildActionMask = 2147483647;
			files = (
			);
			inputPaths = (
			);
			name = "[CP] Embed Pods Frameworks";
			outputPaths = (
			);
			runOnlyForDeploymentPostprocessing = 0;
			shellPath = /bin/sh;
			shellScript = "\"${SRCROOT}/Pods/Target Support Files/Pods-Soundprints/Pods-Soundprints-frameworks.sh\"\n";
			showEnvVarsInLog = 0;
		};
		4727002642415EAA3807D409 /* [CP] Check Pods Manifest.lock */ = {
			isa = PBXShellScriptBuildPhase;
			buildActionMask = 2147483647;
			files = (
			);
			inputPaths = (
			);
			name = "[CP] Check Pods Manifest.lock";
			outputPaths = (
			);
			runOnlyForDeploymentPostprocessing = 0;
			shellPath = /bin/sh;
			shellScript = "diff \"${PODS_PODFILE_DIR_PATH}/Podfile.lock\" \"${PODS_ROOT}/Manifest.lock\" > /dev/null\nif [ $? != 0 ] ; then\n    # print error to STDERR\n    echo \"error: The sandbox is not in sync with the Podfile.lock. Run 'pod install' or update your CocoaPods installation.\" >&2\n    exit 1\nfi\n";
			showEnvVarsInLog = 0;
		};
		E2B344351FCEB9AF001FC5FD /* R.swift */ = {
			isa = PBXShellScriptBuildPhase;
			buildActionMask = 2147483647;
			files = (
			);
			inputPaths = (
			);
			name = R.swift;
			outputPaths = (
			);
			runOnlyForDeploymentPostprocessing = 0;
			shellPath = /bin/sh;
			shellScript = "\"$PODS_ROOT/R.swift/rswift\" generate \"$SRCROOT/Soundprints/Resources\"";
		};
		E2F1DDB11FCEB80C000CC2F1 /* Fabric */ = {
			isa = PBXShellScriptBuildPhase;
			buildActionMask = 2147483647;
			files = (
			);
			inputPaths = (
			);
			name = Fabric;
			outputPaths = (
			);
			runOnlyForDeploymentPostprocessing = 0;
			shellPath = /bin/sh;
			shellScript = "\"${PODS_ROOT}/Fabric/run\" 12dfab8e5f8154ff13da9caeda177a7f7732acfb 4a38cebc68a20a1b89df71127f5da54270b8f172823d4078999eba9af035d101";
		};
/* End PBXShellScriptBuildPhase section */

/* Begin PBXSourcesBuildPhase section */
		E2F1DD7C1FCDEDE8000CC2F1 /* Sources */ = {
			isa = PBXSourcesBuildPhase;
			buildActionMask = 2147483647;
			files = (
				E2E5510E1FD570E000BAE27E /* ContentControllerView.swift in Sources */,
				E2F1DDAA1FCEA3DA000CC2F1 /* InitialViewController.swift in Sources */,
				E2E551101FD5746900BAE27E /* ProviderLoginViewController.swift in Sources */,
				E2EBF5961FCFFBAF00AAFBC1 /* Sound.swift in Sources */,
				E2E5510B1FD56FC500BAE27E /* FacebookLoginViewController.swift in Sources */,
				E2F1DDA31FCEA367000CC2F1 /* AppDelegate.swift in Sources */,
				E2EBF5881FCEF35500AAFBC1 /* APIManager.swift in Sources */,
				E2F1DDA81FCEA3BF000CC2F1 /* BaseViewController.swift in Sources */,
				E2EBF58D1FCEF3BD00AAFBC1 /* APIRequest.swift in Sources */,
				E2EBF58F1FCEF3BD00AAFBC1 /* APIResponse.swift in Sources */,
				E2B344371FCEBA8F001FC5FD /* R.generated.swift in Sources */,
				E2EBF5901FCEF3BD00AAFBC1 /* APIResponseTools.swift in Sources */,
				E2E551091FD56A2E00BAE27E /* AuthenticationManager.swift in Sources */,
				E2EBF5931FCEF40E00AAFBC1 /* Globals.swift in Sources */,
				E2EBF5991FCFFC5300AAFBC1 /* APIJSONTools.swift in Sources */,
				E2E551041FD54AC800BAE27E /* LoginViewController.swift in Sources */,
				E2EBF58E1FCEF3BD00AAFBC1 /* APIError.swift in Sources */,
			);
			runOnlyForDeploymentPostprocessing = 0;
		};
/* End PBXSourcesBuildPhase section */

/* Begin XCBuildConfiguration section */
		E2F1DD901FCDEDE8000CC2F1 /* Debug */ = {
			isa = XCBuildConfiguration;
			buildSettings = {
				ALWAYS_SEARCH_USER_PATHS = NO;
				CLANG_ANALYZER_NONNULL = YES;
				CLANG_ANALYZER_NUMBER_OBJECT_CONVERSION = YES_AGGRESSIVE;
				CLANG_CXX_LANGUAGE_STANDARD = "gnu++14";
				CLANG_CXX_LIBRARY = "libc++";
				CLANG_ENABLE_MODULES = YES;
				CLANG_ENABLE_OBJC_ARC = YES;
				CLANG_WARN_BLOCK_CAPTURE_AUTORELEASING = YES;
				CLANG_WARN_BOOL_CONVERSION = YES;
				CLANG_WARN_COMMA = YES;
				CLANG_WARN_CONSTANT_CONVERSION = YES;
				CLANG_WARN_DIRECT_OBJC_ISA_USAGE = YES_ERROR;
				CLANG_WARN_DOCUMENTATION_COMMENTS = YES;
				CLANG_WARN_EMPTY_BODY = YES;
				CLANG_WARN_ENUM_CONVERSION = YES;
				CLANG_WARN_INFINITE_RECURSION = YES;
				CLANG_WARN_INT_CONVERSION = YES;
				CLANG_WARN_NON_LITERAL_NULL_CONVERSION = YES;
				CLANG_WARN_OBJC_LITERAL_CONVERSION = YES;
				CLANG_WARN_OBJC_ROOT_CLASS = YES_ERROR;
				CLANG_WARN_RANGE_LOOP_ANALYSIS = YES;
				CLANG_WARN_STRICT_PROTOTYPES = YES;
				CLANG_WARN_SUSPICIOUS_MOVE = YES;
				CLANG_WARN_UNGUARDED_AVAILABILITY = YES_AGGRESSIVE;
				CLANG_WARN_UNREACHABLE_CODE = YES;
				CLANG_WARN__DUPLICATE_METHOD_MATCH = YES;
				CODE_SIGN_IDENTITY = "iPhone Developer";
				COPY_PHASE_STRIP = NO;
				DEBUG_INFORMATION_FORMAT = dwarf;
				ENABLE_STRICT_OBJC_MSGSEND = YES;
				ENABLE_TESTABILITY = YES;
				GCC_C_LANGUAGE_STANDARD = gnu11;
				GCC_DYNAMIC_NO_PIC = NO;
				GCC_NO_COMMON_BLOCKS = YES;
				GCC_OPTIMIZATION_LEVEL = 0;
				GCC_PREPROCESSOR_DEFINITIONS = (
					"DEBUG=1",
					"$(inherited)",
				);
				GCC_WARN_64_TO_32_BIT_CONVERSION = YES;
				GCC_WARN_ABOUT_RETURN_TYPE = YES_ERROR;
				GCC_WARN_UNDECLARED_SELECTOR = YES;
				GCC_WARN_UNINITIALIZED_AUTOS = YES_AGGRESSIVE;
				GCC_WARN_UNUSED_FUNCTION = YES;
				GCC_WARN_UNUSED_VARIABLE = YES;
				IPHONEOS_DEPLOYMENT_TARGET = 11.1;
				MTL_ENABLE_DEBUG_INFO = YES;
				ONLY_ACTIVE_ARCH = YES;
				SDKROOT = iphoneos;
				SWIFT_ACTIVE_COMPILATION_CONDITIONS = DEBUG;
				SWIFT_OPTIMIZATION_LEVEL = "-Onone";
			};
			name = Debug;
		};
		E2F1DD911FCDEDE8000CC2F1 /* Release */ = {
			isa = XCBuildConfiguration;
			buildSettings = {
				ALWAYS_SEARCH_USER_PATHS = NO;
				CLANG_ANALYZER_NONNULL = YES;
				CLANG_ANALYZER_NUMBER_OBJECT_CONVERSION = YES_AGGRESSIVE;
				CLANG_CXX_LANGUAGE_STANDARD = "gnu++14";
				CLANG_CXX_LIBRARY = "libc++";
				CLANG_ENABLE_MODULES = YES;
				CLANG_ENABLE_OBJC_ARC = YES;
				CLANG_WARN_BLOCK_CAPTURE_AUTORELEASING = YES;
				CLANG_WARN_BOOL_CONVERSION = YES;
				CLANG_WARN_COMMA = YES;
				CLANG_WARN_CONSTANT_CONVERSION = YES;
				CLANG_WARN_DIRECT_OBJC_ISA_USAGE = YES_ERROR;
				CLANG_WARN_DOCUMENTATION_COMMENTS = YES;
				CLANG_WARN_EMPTY_BODY = YES;
				CLANG_WARN_ENUM_CONVERSION = YES;
				CLANG_WARN_INFINITE_RECURSION = YES;
				CLANG_WARN_INT_CONVERSION = YES;
				CLANG_WARN_NON_LITERAL_NULL_CONVERSION = YES;
				CLANG_WARN_OBJC_LITERAL_CONVERSION = YES;
				CLANG_WARN_OBJC_ROOT_CLASS = YES_ERROR;
				CLANG_WARN_RANGE_LOOP_ANALYSIS = YES;
				CLANG_WARN_STRICT_PROTOTYPES = YES;
				CLANG_WARN_SUSPICIOUS_MOVE = YES;
				CLANG_WARN_UNGUARDED_AVAILABILITY = YES_AGGRESSIVE;
				CLANG_WARN_UNREACHABLE_CODE = YES;
				CLANG_WARN__DUPLICATE_METHOD_MATCH = YES;
				CODE_SIGN_IDENTITY = "iPhone Developer";
				COPY_PHASE_STRIP = NO;
				DEBUG_INFORMATION_FORMAT = "dwarf-with-dsym";
				ENABLE_NS_ASSERTIONS = NO;
				ENABLE_STRICT_OBJC_MSGSEND = YES;
				GCC_C_LANGUAGE_STANDARD = gnu11;
				GCC_NO_COMMON_BLOCKS = YES;
				GCC_WARN_64_TO_32_BIT_CONVERSION = YES;
				GCC_WARN_ABOUT_RETURN_TYPE = YES_ERROR;
				GCC_WARN_UNDECLARED_SELECTOR = YES;
				GCC_WARN_UNINITIALIZED_AUTOS = YES_AGGRESSIVE;
				GCC_WARN_UNUSED_FUNCTION = YES;
				GCC_WARN_UNUSED_VARIABLE = YES;
				IPHONEOS_DEPLOYMENT_TARGET = 11.1;
				MTL_ENABLE_DEBUG_INFO = NO;
				SDKROOT = iphoneos;
				SWIFT_OPTIMIZATION_LEVEL = "-Owholemodule";
				VALIDATE_PRODUCT = YES;
			};
			name = Release;
		};
		E2F1DD931FCDEDE8000CC2F1 /* Debug */ = {
			isa = XCBuildConfiguration;
			baseConfigurationReference = C06D222F24E2EE27F80A0247 /* Pods-Soundprints.debug.xcconfig */;
			buildSettings = {
				ASSETCATALOG_COMPILER_APPICON_NAME = AppIcon;
				CODE_SIGN_STYLE = Automatic;
				DEVELOPMENT_TEAM = 4RJ9D66P45;
				INFOPLIST_FILE = Soundprints/Info.plist;
				LD_RUNPATH_SEARCH_PATHS = "$(inherited) @executable_path/Frameworks";
				PRODUCT_BUNDLE_IDENTIFIER = com.kamino.Soundprints;
				PRODUCT_NAME = "$(TARGET_NAME)";
				SWIFT_VERSION = 4.0;
				TARGETED_DEVICE_FAMILY = "1,2";
			};
			name = Debug;
		};
		E2F1DD941FCDEDE8000CC2F1 /* Release */ = {
			isa = XCBuildConfiguration;
			baseConfigurationReference = 34DA75E4F0D73D17402B77D7 /* Pods-Soundprints.release.xcconfig */;
			buildSettings = {
				ASSETCATALOG_COMPILER_APPICON_NAME = AppIcon;
				CODE_SIGN_STYLE = Automatic;
				DEVELOPMENT_TEAM = 4RJ9D66P45;
				INFOPLIST_FILE = Soundprints/Info.plist;
				LD_RUNPATH_SEARCH_PATHS = "$(inherited) @executable_path/Frameworks";
				PRODUCT_BUNDLE_IDENTIFIER = com.kamino.Soundprints;
				PRODUCT_NAME = "$(TARGET_NAME)";
				SWIFT_VERSION = 4.0;
				TARGETED_DEVICE_FAMILY = "1,2";
			};
			name = Release;
		};
/* End XCBuildConfiguration section */

/* Begin XCConfigurationList section */
		E2F1DD7B1FCDEDE8000CC2F1 /* Build configuration list for PBXProject "Soundprints" */ = {
			isa = XCConfigurationList;
			buildConfigurations = (
				E2F1DD901FCDEDE8000CC2F1 /* Debug */,
				E2F1DD911FCDEDE8000CC2F1 /* Release */,
			);
			defaultConfigurationIsVisible = 0;
			defaultConfigurationName = Release;
		};
		E2F1DD921FCDEDE8000CC2F1 /* Build configuration list for PBXNativeTarget "Soundprints" */ = {
			isa = XCConfigurationList;
			buildConfigurations = (
				E2F1DD931FCDEDE8000CC2F1 /* Debug */,
				E2F1DD941FCDEDE8000CC2F1 /* Release */,
			);
			defaultConfigurationIsVisible = 0;
			defaultConfigurationName = Release;
		};
/* End XCConfigurationList section */
	};
	rootObject = E2F1DD781FCDEDE8000CC2F1 /* Project object */;
}
